
Microsoft Visual Studio Solution File, Format Version 12.00
# Visual Studio Version 17
VisualStudioVersion = 17.0.32014.148
MinimumVisualStudioVersion = 10.0.40219.1
Project("{9A19103F-16F7-4668-BE54-9A1E7A4F7556}") = "VpnHood.AccessServer.Test", "VpnHood.AccessServer.Test\VpnHood.AccessServer.Test.csproj", "{81B08731-02D3-47C1-B3F0-B60B98EBA580}"
EndProject
Project("{9A19103F-16F7-4668-BE54-9A1E7A4F7556}") = "VpnHood.AccessServer", "VpnHood.AccessServer\VpnHood.AccessServer.csproj", "{831503A5-B1BB-4962-AAD4-E7A3007AA201}"
EndProject
Project("{9A19103F-16F7-4668-BE54-9A1E7A4F7556}") = "VpnHood.AccessServer.Common", "VpnHood.AccessServer.Common\VpnHood.AccessServer.Common.csproj", "{1DFC7D5D-2628-4BEC-948C-1E14CF80572F}"
EndProject
Project("{9A19103F-16F7-4668-BE54-9A1E7A4F7556}") = "VpnHood.AccessServer.Agent", "VpnHood.AccessServer.Agent\VpnHood.AccessServer.Agent.csproj", "{AD8A6B70-857D-405F-9778-D5B963121E30}"
EndProject
Project("{9A19103F-16F7-4668-BE54-9A1E7A4F7556}") = "GrayMint.Common.AspNetCore", "..\..\GrayMint\GrayMint.Common\GrayMint.Common.AspNetCore\GrayMint.Common.AspNetCore.csproj", "{93ABFC18-A9ED-45EA-A405-796E2AA5667E}"
EndProject
Project("{9A19103F-16F7-4668-BE54-9A1E7A4F7556}") = "GrayMint.Common.EntityFrameworkCore", "..\..\GrayMint\GrayMint.Common\GrayMint.Common.EntityFrameworkCore\GrayMint.Common.EntityFrameworkCore.csproj", "{D9963D4F-38C1-4F60-B0DD-80FBB0BE06DB}"
EndProject
Project("{9A19103F-16F7-4668-BE54-9A1E7A4F7556}") = "GrayMint.Common", "..\..\GrayMint\GrayMint.Common\GrayMint.Common\GrayMint.Common.csproj", "{9429EC97-F7CA-4D9A-9605-E5377F7565CB}"
EndProject
Project("{9A19103F-16F7-4668-BE54-9A1E7A4F7556}") = "VpnHood.AccessServer.Api", "VpnHood.AccessServer.Api\VpnHood.AccessServer.Api.csproj", "{8F3EDFC9-1B62-48F3-B4CE-A7F0FCFDA4EA}"
EndProject
Project("{2150E333-8FDC-42A3-9474-1A3956D46DE8}") = "workflows", "workflows", "{73D254D7-E390-461B-BAD1-9C496C3BAF73}"
	ProjectSection(SolutionItems) = preProject
		.github\workflows\nuget.yml = .github\workflows\nuget.yml
	EndProjectSection
EndProject
Project("{9A19103F-16F7-4668-BE54-9A1E7A4F7556}") = "GrayMint.Common.AspNetCore.SimpleUserManagement", "..\..\GrayMint\GrayMint.Common\GrayMint.Common.AspNetCore.SimpleUserManagement\GrayMint.Common.AspNetCore.SimpleUserManagement.csproj", "{16E3DF0C-D1CC-4D0A-AF18-5CC64F5385EC}"
EndProject
Project("{2150E333-8FDC-42A3-9474-1A3956D46DE8}") = "GrayMint", "GrayMint", "{93345E67-2111-4452-A829-7CBDF764AAC6}"
EndProject
Project("{9A19103F-16F7-4668-BE54-9A1E7A4F7556}") = "GrayMint.Common.AspNetCore.SimpleRoleAuthorization", "..\..\GrayMint\GrayMint.Common\GrayMint.Common.AspNetCore.SimpleRoleAuthorization\GrayMint.Common.AspNetCore.SimpleRoleAuthorization.csproj", "{81740BE1-ECD8-4F32-8FDA-7DFDB327816E}"
EndProject
Project("{FAE04EC0-301F-11D3-BF4B-00C04F79EFBC}") = "VpnHood.AccessServer.Report", "VpnHood.AccessServer.Report\VpnHood.AccessServer.Report.csproj", "{B8AB43A5-BF17-4B31-B566-BF01CF6062F0}"
EndProject
Project("{2150E333-8FDC-42A3-9474-1A3956D46DE8}") = "Tests", "Tests", "{DA70AC51-F97F-47CF-B732-3C76D1A27C32}"
EndProject
Project("{9A19103F-16F7-4668-BE54-9A1E7A4F7556}") = "VpnHood.AccessServer.Persistence", "VpnHood.AccessServer.Persistence\VpnHood.AccessServer.Persistence.csproj", "{7B59925C-4740-4FE9-A8FC-8CD40E0AA4F2}"
EndProject
Global
	GlobalSection(SolutionConfigurationPlatforms) = preSolution
		Debug|Any CPU = Debug|Any CPU
		Release|Any CPU = Release|Any CPU
	EndGlobalSection
	GlobalSection(ProjectConfigurationPlatforms) = postSolution
		{81B08731-02D3-47C1-B3F0-B60B98EBA580}.Debug|Any CPU.ActiveCfg = Debug|Any CPU
		{81B08731-02D3-47C1-B3F0-B60B98EBA580}.Debug|Any CPU.Build.0 = Debug|Any CPU
		{81B08731-02D3-47C1-B3F0-B60B98EBA580}.Release|Any CPU.ActiveCfg = Release|Any CPU
		{81B08731-02D3-47C1-B3F0-B60B98EBA580}.Release|Any CPU.Build.0 = Release|Any CPU
		{831503A5-B1BB-4962-AAD4-E7A3007AA201}.Debug|Any CPU.ActiveCfg = Debug|Any CPU
		{831503A5-B1BB-4962-AAD4-E7A3007AA201}.Debug|Any CPU.Build.0 = Debug|Any CPU
		{831503A5-B1BB-4962-AAD4-E7A3007AA201}.Release|Any CPU.ActiveCfg = Release|Any CPU
		{831503A5-B1BB-4962-AAD4-E7A3007AA201}.Release|Any CPU.Build.0 = Release|Any CPU
		{1DFC7D5D-2628-4BEC-948C-1E14CF80572F}.Debug|Any CPU.ActiveCfg = Debug|Any CPU
		{1DFC7D5D-2628-4BEC-948C-1E14CF80572F}.Debug|Any CPU.Build.0 = Debug|Any CPU
		{1DFC7D5D-2628-4BEC-948C-1E14CF80572F}.Release|Any CPU.ActiveCfg = Release|Any CPU
		{1DFC7D5D-2628-4BEC-948C-1E14CF80572F}.Release|Any CPU.Build.0 = Release|Any CPU
		{AD8A6B70-857D-405F-9778-D5B963121E30}.Debug|Any CPU.ActiveCfg = Debug|Any CPU
		{AD8A6B70-857D-405F-9778-D5B963121E30}.Debug|Any CPU.Build.0 = Debug|Any CPU
		{AD8A6B70-857D-405F-9778-D5B963121E30}.Release|Any CPU.ActiveCfg = Release|Any CPU
		{AD8A6B70-857D-405F-9778-D5B963121E30}.Release|Any CPU.Build.0 = Release|Any CPU
		{93ABFC18-A9ED-45EA-A405-796E2AA5667E}.Debug|Any CPU.ActiveCfg = Debug|Any CPU
		{93ABFC18-A9ED-45EA-A405-796E2AA5667E}.Debug|Any CPU.Build.0 = Debug|Any CPU
		{93ABFC18-A9ED-45EA-A405-796E2AA5667E}.Release|Any CPU.ActiveCfg = Release|Any CPU
		{93ABFC18-A9ED-45EA-A405-796E2AA5667E}.Release|Any CPU.Build.0 = Release|Any CPU
		{D9963D4F-38C1-4F60-B0DD-80FBB0BE06DB}.Debug|Any CPU.ActiveCfg = Debug|Any CPU
		{D9963D4F-38C1-4F60-B0DD-80FBB0BE06DB}.Debug|Any CPU.Build.0 = Debug|Any CPU
		{D9963D4F-38C1-4F60-B0DD-80FBB0BE06DB}.Release|Any CPU.ActiveCfg = Release|Any CPU
		{D9963D4F-38C1-4F60-B0DD-80FBB0BE06DB}.Release|Any CPU.Build.0 = Release|Any CPU
		{9429EC97-F7CA-4D9A-9605-E5377F7565CB}.Debug|Any CPU.ActiveCfg = Debug|Any CPU
		{9429EC97-F7CA-4D9A-9605-E5377F7565CB}.Debug|Any CPU.Build.0 = Debug|Any CPU
		{9429EC97-F7CA-4D9A-9605-E5377F7565CB}.Release|Any CPU.ActiveCfg = Release|Any CPU
		{9429EC97-F7CA-4D9A-9605-E5377F7565CB}.Release|Any CPU.Build.0 = Release|Any CPU
		{8F3EDFC9-1B62-48F3-B4CE-A7F0FCFDA4EA}.Debug|Any CPU.ActiveCfg = Debug|Any CPU
		{8F3EDFC9-1B62-48F3-B4CE-A7F0FCFDA4EA}.Debug|Any CPU.Build.0 = Debug|Any CPU
		{8F3EDFC9-1B62-48F3-B4CE-A7F0FCFDA4EA}.Release|Any CPU.ActiveCfg = Release|Any CPU
		{8F3EDFC9-1B62-48F3-B4CE-A7F0FCFDA4EA}.Release|Any CPU.Build.0 = Release|Any CPU
		{16E3DF0C-D1CC-4D0A-AF18-5CC64F5385EC}.Debug|Any CPU.ActiveCfg = Debug|Any CPU
		{16E3DF0C-D1CC-4D0A-AF18-5CC64F5385EC}.Debug|Any CPU.Build.0 = Debug|Any CPU
		{16E3DF0C-D1CC-4D0A-AF18-5CC64F5385EC}.Release|Any CPU.ActiveCfg = Release|Any CPU
		{16E3DF0C-D1CC-4D0A-AF18-5CC64F5385EC}.Release|Any CPU.Build.0 = Release|Any CPU
		{81740BE1-ECD8-4F32-8FDA-7DFDB327816E}.Debug|Any CPU.ActiveCfg = Debug|Any CPU
		{81740BE1-ECD8-4F32-8FDA-7DFDB327816E}.Debug|Any CPU.Build.0 = Debug|Any CPU
		{81740BE1-ECD8-4F32-8FDA-7DFDB327816E}.Release|Any CPU.ActiveCfg = Release|Any CPU
		{81740BE1-ECD8-4F32-8FDA-7DFDB327816E}.Release|Any CPU.Build.0 = Release|Any CPU
		{B8AB43A5-BF17-4B31-B566-BF01CF6062F0}.Debug|Any CPU.ActiveCfg = Debug|Any CPU
		{B8AB43A5-BF17-4B31-B566-BF01CF6062F0}.Debug|Any CPU.Build.0 = Debug|Any CPU
		{B8AB43A5-BF17-4B31-B566-BF01CF6062F0}.Release|Any CPU.ActiveCfg = Release|Any CPU
		{B8AB43A5-BF17-4B31-B566-BF01CF6062F0}.Release|Any CPU.Build.0 = Release|Any CPU
		{7B59925C-4740-4FE9-A8FC-8CD40E0AA4F2}.Debug|Any CPU.ActiveCfg = Debug|Any CPU
		{7B59925C-4740-4FE9-A8FC-8CD40E0AA4F2}.Debug|Any CPU.Build.0 = Debug|Any CPU
		{7B59925C-4740-4FE9-A8FC-8CD40E0AA4F2}.Release|Any CPU.ActiveCfg = Release|Any CPU
		{7B59925C-4740-4FE9-A8FC-8CD40E0AA4F2}.Release|Any CPU.Build.0 = Release|Any CPU
	EndGlobalSection
	GlobalSection(SolutionProperties) = preSolution
		HideSolutionNode = FALSE
	EndGlobalSection
	GlobalSection(NestedProjects) = preSolution
		{81B08731-02D3-47C1-B3F0-B60B98EBA580} = {DA70AC51-F97F-47CF-B732-3C76D1A27C32}
		{93ABFC18-A9ED-45EA-A405-796E2AA5667E} = {93345E67-2111-4452-A829-7CBDF764AAC6}
		{D9963D4F-38C1-4F60-B0DD-80FBB0BE06DB} = {93345E67-2111-4452-A829-7CBDF764AAC6}
		{9429EC97-F7CA-4D9A-9605-E5377F7565CB} = {93345E67-2111-4452-A829-7CBDF764AAC6}
		{16E3DF0C-D1CC-4D0A-AF18-5CC64F5385EC} = {93345E67-2111-4452-A829-7CBDF764AAC6}
		{81740BE1-ECD8-4F32-8FDA-7DFDB327816E} = {93345E67-2111-4452-A829-7CBDF764AAC6}
	EndGlobalSection
	GlobalSection(ExtensibilityGlobals) = postSolution
		SolutionGuid = {99282B07-6E52-4418-9326-3F0E566C74EE}
	EndGlobalSection
EndGlobal
