
Microsoft Visual Studio Solution File, Format Version 12.00
# Visual Studio Version 17
VisualStudioVersion = 17.1.32210.238
MinimumVisualStudioVersion = 10.0.40219.1
Project("{2150E333-8FDC-42A3-9474-1A3956D46DE8}") = "App.Client", "App.Client", "{B3EAE8F1-8ECF-4FC9-9941-28F65A2E7F3E}"
EndProject
Project("{9A19103F-16F7-4668-BE54-9A1E7A4F7556}") = "VpnHood.Tunneling", "VpnHood.Tunneling\VpnHood.Tunneling.csproj", "{031C3347-5944-48E0-BC3E-03515FC21552}"
EndProject
Project("{9A19103F-16F7-4668-BE54-9A1E7A4F7556}") = "VpnHood.Server", "VpnHood.Server\VpnHood.Server.csproj", "{A3FE316B-2060-42A7-9752-AB1194FC778F}"
EndProject
Project("{9A19103F-16F7-4668-BE54-9A1E7A4F7556}") = "VpnHood.Server.App.Net", "VpnHood.Server.App.Net\VpnHood.Server.App.Net.csproj", "{1654B92F-F63E-4F89-82CD-145997667EDF}"
EndProject
Project("{9A19103F-16F7-4668-BE54-9A1E7A4F7556}") = "VpnHood.Client", "VpnHood.Client\VpnHood.Client.csproj", "{F281E640-1C58-4799-9A3A-FEFD30887580}"
EndProject
Project("{9A19103F-16F7-4668-BE54-9A1E7A4F7556}") = "VpnHood.Client.App.Win", "VpnHood.Client.App.Win\VpnHood.Client.App.Win.csproj", "{F31A7143-FACF-4612-9178-B640EA4D0D37}"
EndProject
Project("{9A19103F-16F7-4668-BE54-9A1E7A4F7556}") = "VpnHood.Client.App", "VpnHood.Client.App\VpnHood.Client.App.csproj", "{53914191-5B94-41CC-8CE4-37C9B2E0A877}"
EndProject
Project("{9A19103F-16F7-4668-BE54-9A1E7A4F7556}") = "VpnHood.Client.Device.WinDivert", "VpnHood.Client.Device.WinDivert\VpnHood.Client.Device.WinDivert.csproj", "{669C0BF5-1AA1-4C16-9ED2-E5B21271D8D8}"
EndProject
Project("{9A19103F-16F7-4668-BE54-9A1E7A4F7556}") = "VpnHood.Server.Access", "VpnHood.Server.Access\VpnHood.Server.Access.csproj", "{ABB3F907-FD5B-4372-B74F-FDB77D3B828E}"
EndProject
Project("{9A19103F-16F7-4668-BE54-9A1E7A4F7556}") = "VpnHood.Common", "VpnHood.Common\VpnHood.Common.csproj", "{4C474EAA-EB63-424C-BCFA-AE2AE2067736}"
EndProject
Project("{2150E333-8FDC-42A3-9474-1A3956D46DE8}") = "Pub", "Pub", "{AD60711B-C6DD-442E-B434-2C44B6A717B1}"
	ProjectSection(SolutionItems) = preProject
		CHANGELOG.md = CHANGELOG.md
		Pub\PublishApps.ps1 = Pub\PublishApps.ps1
		Pub\PublishToGitHub.ps1 = Pub\PublishToGitHub.ps1
		Pub\PubVersion.json = Pub\PubVersion.json
	EndProjectSection
	ProjectSection(FolderGlobals) = preProject
		C_5_4Users_4Developer_4source_4repos_4Vh_4VpnHood_4Pub_4Version_1json__JsonSchema = 
	EndProjectSection
EndProject
Project("{2150E333-8FDC-42A3-9474-1A3956D46DE8}") = "Samples", "Samples", "{5194E054-10CD-4832-B733-33B02A08E4B6}"
	ProjectSection(SolutionItems) = preProject
		samples.txt = samples.txt
	EndProjectSection
EndProject
Project("{9A19103F-16F7-4668-BE54-9A1E7A4F7556}") = "VpnHood.Client.Device", "VpnHood.Client.Device\VpnHood.Client.Device.csproj", "{CA6D2E1D-BCC2-4F8E-B78D-D28EBD943831}"
EndProject
Project("{9A19103F-16F7-4668-BE54-9A1E7A4F7556}") = "VpnHood.Client.Device.Android", "VpnHood.Client.Device.Android\VpnHood.Client.Device.Android.csproj", "{CAF87B57-E046-466F-B8C5-32066CF8886B}"
EndProject
Project("{9A19103F-16F7-4668-BE54-9A1E7A4F7556}") = "VpnHood.Client.App.Resources", "VpnHood.Client.App.Resources\VpnHood.Client.App.Resources.csproj", "{CCEB6931-2B59-49D5-8916-BE184CEB0BA1}"
EndProject
Project("{9A19103F-16F7-4668-BE54-9A1E7A4F7556}") = "VpnHood.Client.App.Swagger", "VpnHood.Client.App.Swagger\VpnHood.Client.App.Swagger.csproj", "{986CE90B-9F4F-4DEF-8C2C-9BFD8F6A1855}"
EndProject
Project("{9A19103F-16F7-4668-BE54-9A1E7A4F7556}") = "VpnHood.Client.App.Win.Common", "VpnHood.Client.App.Win.Common\VpnHood.Client.App.Win.Common.csproj", "{BF1D9516-444A-4B12-83C2-F41F8D8F0344}"
EndProject
Project("{9A19103F-16F7-4668-BE54-9A1E7A4F7556}") = "VpnHood.Client.App.WebServer", "VpnHood.Client.App.WebServer\VpnHood.Client.App.WebServer.csproj", "{28C9E8D4-8288-4A32-8B5C-8892B9C6958C}"
EndProject
Project("{2150E333-8FDC-42A3-9474-1A3956D46DE8}") = "Tests", "Tests", "{B06C66A0-47AA-4894-A794-8FAE74DB271F}"
EndProject
Project("{9A19103F-16F7-4668-BE54-9A1E7A4F7556}") = "VpnHood.Test", "Tests\VpnHood.Test\VpnHood.Test.csproj", "{F073C67C-FFF4-4A05-A5CB-997ACFDC00D2}"
EndProject
Project("{9A19103F-16F7-4668-BE54-9A1E7A4F7556}") = "VpnHood.Client.App.Android", "VpnHood.Client.App.Android\VpnHood.Client.App.Android.csproj", "{57B48D70-685C-4C76-984C-F88527441D7C}"
EndProject
Project("{2150E333-8FDC-42A3-9474-1A3956D46DE8}") = "Solution Items", "Solution Items", "{DD3D7F84-90A3-42F5-9640-906E47660812}"
	ProjectSection(SolutionItems) = preProject
		.editorconfig = .editorconfig
		VpnHood.sln.DotSettings = VpnHood.sln.DotSettings
	EndProjectSection
EndProject
Project("{9A19103F-16F7-4668-BE54-9A1E7A4F7556}") = "VpnHood.Client.App.Android.Connect", "VpnHood.Client.App.Android.Connect\VpnHood.Client.App.Android.Connect.csproj", "{93CA0868-8D4E-470F-ACEA-253BDAE2EDB7}"
EndProject
Project("{9A19103F-16F7-4668-BE54-9A1E7A4F7556}") = "VpnHood.Client.App.Android.Common", "VpnHood.Client.App.Android.Common\VpnHood.Client.App.Android.Common.csproj", "{D6C362F7-9679-4482-9260-DAEA9F91D51C}"
EndProject
Project("{2150E333-8FDC-42A3-9474-1A3956D46DE8}") = "Core", "Core", "{18FA0808-ABCC-481B-A596-F9304363675A}"
	ProjectSection(SolutionItems) = preProject
		Pub\Core\Common.ps1 = Pub\Core\Common.ps1
		Pub\Core\PublishAndroidApp.ps1 = Pub\Core\PublishAndroidApp.ps1
		Pub\Core\PublishNuget.ps1 = Pub\Core\PublishNuget.ps1
		Pub\Core\PublishWinApp.ps1 = Pub\Core\PublishWinApp.ps1
		Pub\Core\VersionBump.ps1 = Pub\Core\VersionBump.ps1
	EndProjectSection
EndProject
Project("{9A19103F-16F7-4668-BE54-9A1E7A4F7556}") = "VpnHood.Client.App.Android.GooglePlay", "VpnHood.Client.App.Android.GooglePlay\VpnHood.Client.App.Android.GooglePlay.csproj", "{0F4C6018-BE2F-4041-8816-F2E4E95CCDBC}"
EndProject
Project("{9A19103F-16F7-4668-BE54-9A1E7A4F7556}") = "VpnHood.Client.App.Store", "VpnHood.Client.App.Store\VpnHood.Client.App.Store.csproj", "{EACB2DB6-65D0-49C6-8634-DC72140BE82F}"
EndProject
Project("{2150E333-8FDC-42A3-9474-1A3956D46DE8}") = "Android", "Android", "{DC9319F3-8348-498C-9A5B-77399106DB10}"
EndProject
Project("{2150E333-8FDC-42A3-9474-1A3956D46DE8}") = "Windows", "Windows", "{BD1C4F74-C48B-4302-90C3-0B7243C0DD20}"
EndProject
Project("{2150E333-8FDC-42A3-9474-1A3956D46DE8}") = "App.Server", "App.Server", "{2439858F-F7EE-4FE7-A146-14C98111D0B4}"
EndProject
Project("{9A19103F-16F7-4668-BE54-9A1E7A4F7556}") = "VpnHood.Client.App.Android.GooglePlay.Core", "VpnHood.Client.App.Android.GooglePlay.Core\VpnHood.Client.App.Android.GooglePlay.Core.csproj", "{2701D6B3-7E6A-43B6-B285-4BB434DA48CC}"
EndProject
Project("{9A19103F-16F7-4668-BE54-9A1E7A4F7556}") = "VpnHood.Client.App.Maui.Common", "VpnHood.Client.App.Maui.Common\VpnHood.Client.App.Maui.Common.csproj", "{1300A1A6-F165-4894-A11D-D8B1E27F6516}"
EndProject
Project("{2150E333-8FDC-42A3-9474-1A3956D46DE8}") = "Maui", "Maui", "{5796A333-9E01-484E-88BA-FE2291CA8932}"
EndProject
Project("{9A19103F-16F7-4668-BE54-9A1E7A4F7556}") = "VpnHood.Client.App.Abstractions", "VpnHood.Client.App.Abstractions\VpnHood.Client.App.Abstractions.csproj", "{235F3F4A-F075-477D-9923-FE2360FB7EEA}"
EndProject
Project("{9A19103F-16F7-4668-BE54-9A1E7A4F7556}") = "VpnHood.Client.App.Android.Ads.AdMob", "VpnHood.Client.App.Android.Ads.AdMob\VpnHood.Client.App.Android.Ads.AdMob.csproj", "{D666EB32-78AA-4F7B-9CE0-D430C34E3118}"
EndProject
Project("{9A19103F-16F7-4668-BE54-9A1E7A4F7556}") = "VpnHood.NetTester", "Tests\VpnHood.NetTester\VpnHood.NetTester.csproj", "{BC0CE9CB-1490-4AC6-B2C5-100EE5025AD6}"
EndProject
Project("{FAE04EC0-301F-11D3-BF4B-00C04F79EFBC}") = "VpnHood.Server.Access.FileAccessManager", "VpnHood.Server.Access.FileAccessManager\VpnHood.Server.Access.FileAccessManager.csproj", "{4D625537-609E-4BFC-BD67-32285805A814}"
EndProject
Project("{FAE04EC0-301F-11D3-BF4B-00C04F79EFBC}") = "VpnHood.Client.App.Win.Common.WpfSpa", "VpnHood.Client.App.Win.Common.WpfSpa\VpnHood.Client.App.Win.Common.WpfSpa.csproj", "{52DF241C-B8FB-4EDC-A247-199A306A77D0}"
EndProject
Project("{FAE04EC0-301F-11D3-BF4B-00C04F79EFBC}") = "VpnHood.Client.App.Win.Connect", "VpnHood.Client.App.Win.Connect\VpnHood.Client.App.Win.Connect.csproj", "{AF705FAC-B638-4F81-9621-E2ACC808FFA0}"
EndProject
Project("{2150E333-8FDC-42A3-9474-1A3956D46DE8}") = "Apps", "Apps", "{0400A3D3-E6C2-4D2C-9D23-1CDA27A41A24}"
EndProject
Project("{2150E333-8FDC-42A3-9474-1A3956D46DE8}") = "Apps", "Apps", "{99D6CA1E-DA39-47A1-8856-5E425DCC3ED9}"
EndProject
Project("{FAE04EC0-301F-11D3-BF4B-00C04F79EFBC}") = "VpnHood.Client.App.Android.Connect.Web", "VpnHood.Client.App.Android.Connect.Web\VpnHood.Client.App.Android.Connect.Web.csproj", "{EFEC5397-7102-4F9F-A590-7FBB87B750FB}"
EndProject
Project("{FAE04EC0-301F-11D3-BF4B-00C04F79EFBC}") = "VpnHood.Client.App.Android.Web", "VpnHood.Client.App.Android.Web\VpnHood.Client.App.Android.Web.csproj", "{E5967F2F-6489-4A25-A1B7-E9D25FE85B8D}"
EndProject
Global
	GlobalSection(SolutionConfigurationPlatforms) = preSolution
		Debug|Any CPU = Debug|Any CPU
		Debug|ARM = Debug|ARM
		Debug|ARM64 = Debug|ARM64
		Debug|x64 = Debug|x64
		Debug|x86 = Debug|x86
		Release|Any CPU = Release|Any CPU
		Release|ARM = Release|ARM
		Release|ARM64 = Release|ARM64
		Release|x64 = Release|x64
		Release|x86 = Release|x86
	EndGlobalSection
	GlobalSection(ProjectConfigurationPlatforms) = postSolution
		{031C3347-5944-48E0-BC3E-03515FC21552}.Debug|Any CPU.ActiveCfg = Debug|Any CPU
		{031C3347-5944-48E0-BC3E-03515FC21552}.Debug|Any CPU.Build.0 = Debug|Any CPU
		{031C3347-5944-48E0-BC3E-03515FC21552}.Debug|ARM.ActiveCfg = Debug|Any CPU
		{031C3347-5944-48E0-BC3E-03515FC21552}.Debug|ARM.Build.0 = Debug|Any CPU
		{031C3347-5944-48E0-BC3E-03515FC21552}.Debug|ARM64.ActiveCfg = Debug|Any CPU
		{031C3347-5944-48E0-BC3E-03515FC21552}.Debug|ARM64.Build.0 = Debug|Any CPU
		{031C3347-5944-48E0-BC3E-03515FC21552}.Debug|x64.ActiveCfg = Debug|Any CPU
		{031C3347-5944-48E0-BC3E-03515FC21552}.Debug|x64.Build.0 = Debug|Any CPU
		{031C3347-5944-48E0-BC3E-03515FC21552}.Debug|x86.ActiveCfg = Debug|Any CPU
		{031C3347-5944-48E0-BC3E-03515FC21552}.Debug|x86.Build.0 = Debug|Any CPU
		{031C3347-5944-48E0-BC3E-03515FC21552}.Release|Any CPU.ActiveCfg = Release|Any CPU
		{031C3347-5944-48E0-BC3E-03515FC21552}.Release|Any CPU.Build.0 = Release|Any CPU
		{031C3347-5944-48E0-BC3E-03515FC21552}.Release|ARM.ActiveCfg = Release|Any CPU
		{031C3347-5944-48E0-BC3E-03515FC21552}.Release|ARM.Build.0 = Release|Any CPU
		{031C3347-5944-48E0-BC3E-03515FC21552}.Release|ARM64.ActiveCfg = Release|Any CPU
		{031C3347-5944-48E0-BC3E-03515FC21552}.Release|ARM64.Build.0 = Release|Any CPU
		{031C3347-5944-48E0-BC3E-03515FC21552}.Release|x64.ActiveCfg = Release|Any CPU
		{031C3347-5944-48E0-BC3E-03515FC21552}.Release|x64.Build.0 = Release|Any CPU
		{031C3347-5944-48E0-BC3E-03515FC21552}.Release|x86.ActiveCfg = Release|Any CPU
		{031C3347-5944-48E0-BC3E-03515FC21552}.Release|x86.Build.0 = Release|Any CPU
		{A3FE316B-2060-42A7-9752-AB1194FC778F}.Debug|Any CPU.ActiveCfg = Debug|Any CPU
		{A3FE316B-2060-42A7-9752-AB1194FC778F}.Debug|Any CPU.Build.0 = Debug|Any CPU
		{A3FE316B-2060-42A7-9752-AB1194FC778F}.Debug|ARM.ActiveCfg = Debug|Any CPU
		{A3FE316B-2060-42A7-9752-AB1194FC778F}.Debug|ARM.Build.0 = Debug|Any CPU
		{A3FE316B-2060-42A7-9752-AB1194FC778F}.Debug|ARM64.ActiveCfg = Debug|Any CPU
		{A3FE316B-2060-42A7-9752-AB1194FC778F}.Debug|ARM64.Build.0 = Debug|Any CPU
		{A3FE316B-2060-42A7-9752-AB1194FC778F}.Debug|x64.ActiveCfg = Debug|Any CPU
		{A3FE316B-2060-42A7-9752-AB1194FC778F}.Debug|x64.Build.0 = Debug|Any CPU
		{A3FE316B-2060-42A7-9752-AB1194FC778F}.Debug|x86.ActiveCfg = Debug|Any CPU
		{A3FE316B-2060-42A7-9752-AB1194FC778F}.Debug|x86.Build.0 = Debug|Any CPU
		{A3FE316B-2060-42A7-9752-AB1194FC778F}.Release|Any CPU.ActiveCfg = Release|Any CPU
		{A3FE316B-2060-42A7-9752-AB1194FC778F}.Release|Any CPU.Build.0 = Release|Any CPU
		{A3FE316B-2060-42A7-9752-AB1194FC778F}.Release|ARM.ActiveCfg = Release|Any CPU
		{A3FE316B-2060-42A7-9752-AB1194FC778F}.Release|ARM.Build.0 = Release|Any CPU
		{A3FE316B-2060-42A7-9752-AB1194FC778F}.Release|ARM64.ActiveCfg = Release|Any CPU
		{A3FE316B-2060-42A7-9752-AB1194FC778F}.Release|ARM64.Build.0 = Release|Any CPU
		{A3FE316B-2060-42A7-9752-AB1194FC778F}.Release|x64.ActiveCfg = Release|Any CPU
		{A3FE316B-2060-42A7-9752-AB1194FC778F}.Release|x64.Build.0 = Release|Any CPU
		{A3FE316B-2060-42A7-9752-AB1194FC778F}.Release|x86.ActiveCfg = Release|Any CPU
		{A3FE316B-2060-42A7-9752-AB1194FC778F}.Release|x86.Build.0 = Release|Any CPU
		{1654B92F-F63E-4F89-82CD-145997667EDF}.Debug|Any CPU.ActiveCfg = Debug|Any CPU
		{1654B92F-F63E-4F89-82CD-145997667EDF}.Debug|Any CPU.Build.0 = Debug|Any CPU
		{1654B92F-F63E-4F89-82CD-145997667EDF}.Debug|ARM.ActiveCfg = Debug|Any CPU
		{1654B92F-F63E-4F89-82CD-145997667EDF}.Debug|ARM.Build.0 = Debug|Any CPU
		{1654B92F-F63E-4F89-82CD-145997667EDF}.Debug|ARM64.ActiveCfg = Debug|Any CPU
		{1654B92F-F63E-4F89-82CD-145997667EDF}.Debug|ARM64.Build.0 = Debug|Any CPU
		{1654B92F-F63E-4F89-82CD-145997667EDF}.Debug|x64.ActiveCfg = Debug|Any CPU
		{1654B92F-F63E-4F89-82CD-145997667EDF}.Debug|x64.Build.0 = Debug|Any CPU
		{1654B92F-F63E-4F89-82CD-145997667EDF}.Debug|x86.ActiveCfg = Debug|Any CPU
		{1654B92F-F63E-4F89-82CD-145997667EDF}.Debug|x86.Build.0 = Debug|Any CPU
		{1654B92F-F63E-4F89-82CD-145997667EDF}.Release|Any CPU.ActiveCfg = Release|Any CPU
		{1654B92F-F63E-4F89-82CD-145997667EDF}.Release|Any CPU.Build.0 = Release|Any CPU
		{1654B92F-F63E-4F89-82CD-145997667EDF}.Release|ARM.ActiveCfg = Release|Any CPU
		{1654B92F-F63E-4F89-82CD-145997667EDF}.Release|ARM.Build.0 = Release|Any CPU
		{1654B92F-F63E-4F89-82CD-145997667EDF}.Release|ARM64.ActiveCfg = Release|Any CPU
		{1654B92F-F63E-4F89-82CD-145997667EDF}.Release|ARM64.Build.0 = Release|Any CPU
		{1654B92F-F63E-4F89-82CD-145997667EDF}.Release|x64.ActiveCfg = Release|Any CPU
		{1654B92F-F63E-4F89-82CD-145997667EDF}.Release|x64.Build.0 = Release|Any CPU
		{1654B92F-F63E-4F89-82CD-145997667EDF}.Release|x86.ActiveCfg = Release|Any CPU
		{1654B92F-F63E-4F89-82CD-145997667EDF}.Release|x86.Build.0 = Release|Any CPU
		{F281E640-1C58-4799-9A3A-FEFD30887580}.Debug|Any CPU.ActiveCfg = Debug|Any CPU
		{F281E640-1C58-4799-9A3A-FEFD30887580}.Debug|Any CPU.Build.0 = Debug|Any CPU
		{F281E640-1C58-4799-9A3A-FEFD30887580}.Debug|ARM.ActiveCfg = Debug|Any CPU
		{F281E640-1C58-4799-9A3A-FEFD30887580}.Debug|ARM.Build.0 = Debug|Any CPU
		{F281E640-1C58-4799-9A3A-FEFD30887580}.Debug|ARM64.ActiveCfg = Debug|Any CPU
		{F281E640-1C58-4799-9A3A-FEFD30887580}.Debug|ARM64.Build.0 = Debug|Any CPU
		{F281E640-1C58-4799-9A3A-FEFD30887580}.Debug|x64.ActiveCfg = Debug|Any CPU
		{F281E640-1C58-4799-9A3A-FEFD30887580}.Debug|x64.Build.0 = Debug|Any CPU
		{F281E640-1C58-4799-9A3A-FEFD30887580}.Debug|x86.ActiveCfg = Debug|Any CPU
		{F281E640-1C58-4799-9A3A-FEFD30887580}.Debug|x86.Build.0 = Debug|Any CPU
		{F281E640-1C58-4799-9A3A-FEFD30887580}.Release|Any CPU.ActiveCfg = Release|Any CPU
		{F281E640-1C58-4799-9A3A-FEFD30887580}.Release|Any CPU.Build.0 = Release|Any CPU
		{F281E640-1C58-4799-9A3A-FEFD30887580}.Release|ARM.ActiveCfg = Release|Any CPU
		{F281E640-1C58-4799-9A3A-FEFD30887580}.Release|ARM.Build.0 = Release|Any CPU
		{F281E640-1C58-4799-9A3A-FEFD30887580}.Release|ARM64.ActiveCfg = Release|Any CPU
		{F281E640-1C58-4799-9A3A-FEFD30887580}.Release|ARM64.Build.0 = Release|Any CPU
		{F281E640-1C58-4799-9A3A-FEFD30887580}.Release|x64.ActiveCfg = Release|Any CPU
		{F281E640-1C58-4799-9A3A-FEFD30887580}.Release|x64.Build.0 = Release|Any CPU
		{F281E640-1C58-4799-9A3A-FEFD30887580}.Release|x86.ActiveCfg = Release|Any CPU
		{F281E640-1C58-4799-9A3A-FEFD30887580}.Release|x86.Build.0 = Release|Any CPU
		{F31A7143-FACF-4612-9178-B640EA4D0D37}.Debug|Any CPU.ActiveCfg = Debug|Any CPU
		{F31A7143-FACF-4612-9178-B640EA4D0D37}.Debug|Any CPU.Build.0 = Debug|Any CPU
		{F31A7143-FACF-4612-9178-B640EA4D0D37}.Debug|ARM.ActiveCfg = Debug|Any CPU
		{F31A7143-FACF-4612-9178-B640EA4D0D37}.Debug|ARM.Build.0 = Debug|Any CPU
		{F31A7143-FACF-4612-9178-B640EA4D0D37}.Debug|ARM64.ActiveCfg = Debug|Any CPU
		{F31A7143-FACF-4612-9178-B640EA4D0D37}.Debug|ARM64.Build.0 = Debug|Any CPU
		{F31A7143-FACF-4612-9178-B640EA4D0D37}.Debug|x64.ActiveCfg = Debug|Any CPU
		{F31A7143-FACF-4612-9178-B640EA4D0D37}.Debug|x64.Build.0 = Debug|Any CPU
		{F31A7143-FACF-4612-9178-B640EA4D0D37}.Debug|x86.ActiveCfg = Debug|Any CPU
		{F31A7143-FACF-4612-9178-B640EA4D0D37}.Debug|x86.Build.0 = Debug|Any CPU
		{F31A7143-FACF-4612-9178-B640EA4D0D37}.Release|Any CPU.ActiveCfg = Release|Any CPU
		{F31A7143-FACF-4612-9178-B640EA4D0D37}.Release|Any CPU.Build.0 = Release|Any CPU
		{F31A7143-FACF-4612-9178-B640EA4D0D37}.Release|ARM.ActiveCfg = Release|Any CPU
		{F31A7143-FACF-4612-9178-B640EA4D0D37}.Release|ARM.Build.0 = Release|Any CPU
		{F31A7143-FACF-4612-9178-B640EA4D0D37}.Release|ARM64.ActiveCfg = Release|Any CPU
		{F31A7143-FACF-4612-9178-B640EA4D0D37}.Release|ARM64.Build.0 = Release|Any CPU
		{F31A7143-FACF-4612-9178-B640EA4D0D37}.Release|x64.ActiveCfg = Release|Any CPU
		{F31A7143-FACF-4612-9178-B640EA4D0D37}.Release|x64.Build.0 = Release|Any CPU
		{F31A7143-FACF-4612-9178-B640EA4D0D37}.Release|x86.ActiveCfg = Release|Any CPU
		{F31A7143-FACF-4612-9178-B640EA4D0D37}.Release|x86.Build.0 = Release|Any CPU
		{53914191-5B94-41CC-8CE4-37C9B2E0A877}.Debug|Any CPU.ActiveCfg = Debug|Any CPU
		{53914191-5B94-41CC-8CE4-37C9B2E0A877}.Debug|Any CPU.Build.0 = Debug|Any CPU
		{53914191-5B94-41CC-8CE4-37C9B2E0A877}.Debug|ARM.ActiveCfg = Debug|Any CPU
		{53914191-5B94-41CC-8CE4-37C9B2E0A877}.Debug|ARM.Build.0 = Debug|Any CPU
		{53914191-5B94-41CC-8CE4-37C9B2E0A877}.Debug|ARM64.ActiveCfg = Debug|Any CPU
		{53914191-5B94-41CC-8CE4-37C9B2E0A877}.Debug|ARM64.Build.0 = Debug|Any CPU
		{53914191-5B94-41CC-8CE4-37C9B2E0A877}.Debug|x64.ActiveCfg = Debug|Any CPU
		{53914191-5B94-41CC-8CE4-37C9B2E0A877}.Debug|x64.Build.0 = Debug|Any CPU
		{53914191-5B94-41CC-8CE4-37C9B2E0A877}.Debug|x86.ActiveCfg = Debug|Any CPU
		{53914191-5B94-41CC-8CE4-37C9B2E0A877}.Debug|x86.Build.0 = Debug|Any CPU
		{53914191-5B94-41CC-8CE4-37C9B2E0A877}.Release|Any CPU.ActiveCfg = Release|Any CPU
		{53914191-5B94-41CC-8CE4-37C9B2E0A877}.Release|Any CPU.Build.0 = Release|Any CPU
		{53914191-5B94-41CC-8CE4-37C9B2E0A877}.Release|ARM.ActiveCfg = Release|Any CPU
		{53914191-5B94-41CC-8CE4-37C9B2E0A877}.Release|ARM.Build.0 = Release|Any CPU
		{53914191-5B94-41CC-8CE4-37C9B2E0A877}.Release|ARM64.ActiveCfg = Release|Any CPU
		{53914191-5B94-41CC-8CE4-37C9B2E0A877}.Release|ARM64.Build.0 = Release|Any CPU
		{53914191-5B94-41CC-8CE4-37C9B2E0A877}.Release|x64.ActiveCfg = Release|Any CPU
		{53914191-5B94-41CC-8CE4-37C9B2E0A877}.Release|x64.Build.0 = Release|Any CPU
		{53914191-5B94-41CC-8CE4-37C9B2E0A877}.Release|x86.ActiveCfg = Release|Any CPU
		{53914191-5B94-41CC-8CE4-37C9B2E0A877}.Release|x86.Build.0 = Release|Any CPU
		{669C0BF5-1AA1-4C16-9ED2-E5B21271D8D8}.Debug|Any CPU.ActiveCfg = Debug|Any CPU
		{669C0BF5-1AA1-4C16-9ED2-E5B21271D8D8}.Debug|Any CPU.Build.0 = Debug|Any CPU
		{669C0BF5-1AA1-4C16-9ED2-E5B21271D8D8}.Debug|ARM.ActiveCfg = Debug|Any CPU
		{669C0BF5-1AA1-4C16-9ED2-E5B21271D8D8}.Debug|ARM.Build.0 = Debug|Any CPU
		{669C0BF5-1AA1-4C16-9ED2-E5B21271D8D8}.Debug|ARM64.ActiveCfg = Debug|Any CPU
		{669C0BF5-1AA1-4C16-9ED2-E5B21271D8D8}.Debug|ARM64.Build.0 = Debug|Any CPU
		{669C0BF5-1AA1-4C16-9ED2-E5B21271D8D8}.Debug|x64.ActiveCfg = Debug|Any CPU
		{669C0BF5-1AA1-4C16-9ED2-E5B21271D8D8}.Debug|x64.Build.0 = Debug|Any CPU
		{669C0BF5-1AA1-4C16-9ED2-E5B21271D8D8}.Debug|x86.ActiveCfg = Debug|Any CPU
		{669C0BF5-1AA1-4C16-9ED2-E5B21271D8D8}.Debug|x86.Build.0 = Debug|Any CPU
		{669C0BF5-1AA1-4C16-9ED2-E5B21271D8D8}.Release|Any CPU.ActiveCfg = Release|Any CPU
		{669C0BF5-1AA1-4C16-9ED2-E5B21271D8D8}.Release|Any CPU.Build.0 = Release|Any CPU
		{669C0BF5-1AA1-4C16-9ED2-E5B21271D8D8}.Release|ARM.ActiveCfg = Release|Any CPU
		{669C0BF5-1AA1-4C16-9ED2-E5B21271D8D8}.Release|ARM.Build.0 = Release|Any CPU
		{669C0BF5-1AA1-4C16-9ED2-E5B21271D8D8}.Release|ARM64.ActiveCfg = Release|Any CPU
		{669C0BF5-1AA1-4C16-9ED2-E5B21271D8D8}.Release|ARM64.Build.0 = Release|Any CPU
		{669C0BF5-1AA1-4C16-9ED2-E5B21271D8D8}.Release|x64.ActiveCfg = Release|Any CPU
		{669C0BF5-1AA1-4C16-9ED2-E5B21271D8D8}.Release|x64.Build.0 = Release|Any CPU
		{669C0BF5-1AA1-4C16-9ED2-E5B21271D8D8}.Release|x86.ActiveCfg = Release|Any CPU
		{669C0BF5-1AA1-4C16-9ED2-E5B21271D8D8}.Release|x86.Build.0 = Release|Any CPU
		{ABB3F907-FD5B-4372-B74F-FDB77D3B828E}.Debug|Any CPU.ActiveCfg = Debug|Any CPU
		{ABB3F907-FD5B-4372-B74F-FDB77D3B828E}.Debug|Any CPU.Build.0 = Debug|Any CPU
		{ABB3F907-FD5B-4372-B74F-FDB77D3B828E}.Debug|ARM.ActiveCfg = Debug|Any CPU
		{ABB3F907-FD5B-4372-B74F-FDB77D3B828E}.Debug|ARM.Build.0 = Debug|Any CPU
		{ABB3F907-FD5B-4372-B74F-FDB77D3B828E}.Debug|ARM64.ActiveCfg = Debug|Any CPU
		{ABB3F907-FD5B-4372-B74F-FDB77D3B828E}.Debug|ARM64.Build.0 = Debug|Any CPU
		{ABB3F907-FD5B-4372-B74F-FDB77D3B828E}.Debug|x64.ActiveCfg = Debug|Any CPU
		{ABB3F907-FD5B-4372-B74F-FDB77D3B828E}.Debug|x64.Build.0 = Debug|Any CPU
		{ABB3F907-FD5B-4372-B74F-FDB77D3B828E}.Debug|x86.ActiveCfg = Debug|Any CPU
		{ABB3F907-FD5B-4372-B74F-FDB77D3B828E}.Debug|x86.Build.0 = Debug|Any CPU
		{ABB3F907-FD5B-4372-B74F-FDB77D3B828E}.Release|Any CPU.ActiveCfg = Release|Any CPU
		{ABB3F907-FD5B-4372-B74F-FDB77D3B828E}.Release|Any CPU.Build.0 = Release|Any CPU
		{ABB3F907-FD5B-4372-B74F-FDB77D3B828E}.Release|ARM.ActiveCfg = Release|Any CPU
		{ABB3F907-FD5B-4372-B74F-FDB77D3B828E}.Release|ARM.Build.0 = Release|Any CPU
		{ABB3F907-FD5B-4372-B74F-FDB77D3B828E}.Release|ARM64.ActiveCfg = Release|Any CPU
		{ABB3F907-FD5B-4372-B74F-FDB77D3B828E}.Release|ARM64.Build.0 = Release|Any CPU
		{ABB3F907-FD5B-4372-B74F-FDB77D3B828E}.Release|x64.ActiveCfg = Release|Any CPU
		{ABB3F907-FD5B-4372-B74F-FDB77D3B828E}.Release|x64.Build.0 = Release|Any CPU
		{ABB3F907-FD5B-4372-B74F-FDB77D3B828E}.Release|x86.ActiveCfg = Release|Any CPU
		{ABB3F907-FD5B-4372-B74F-FDB77D3B828E}.Release|x86.Build.0 = Release|Any CPU
		{4C474EAA-EB63-424C-BCFA-AE2AE2067736}.Debug|Any CPU.ActiveCfg = Debug|Any CPU
		{4C474EAA-EB63-424C-BCFA-AE2AE2067736}.Debug|Any CPU.Build.0 = Debug|Any CPU
		{4C474EAA-EB63-424C-BCFA-AE2AE2067736}.Debug|ARM.ActiveCfg = Debug|Any CPU
		{4C474EAA-EB63-424C-BCFA-AE2AE2067736}.Debug|ARM.Build.0 = Debug|Any CPU
		{4C474EAA-EB63-424C-BCFA-AE2AE2067736}.Debug|ARM64.ActiveCfg = Debug|Any CPU
		{4C474EAA-EB63-424C-BCFA-AE2AE2067736}.Debug|ARM64.Build.0 = Debug|Any CPU
		{4C474EAA-EB63-424C-BCFA-AE2AE2067736}.Debug|x64.ActiveCfg = Debug|Any CPU
		{4C474EAA-EB63-424C-BCFA-AE2AE2067736}.Debug|x64.Build.0 = Debug|Any CPU
		{4C474EAA-EB63-424C-BCFA-AE2AE2067736}.Debug|x86.ActiveCfg = Debug|Any CPU
		{4C474EAA-EB63-424C-BCFA-AE2AE2067736}.Debug|x86.Build.0 = Debug|Any CPU
		{4C474EAA-EB63-424C-BCFA-AE2AE2067736}.Release|Any CPU.ActiveCfg = Release|Any CPU
		{4C474EAA-EB63-424C-BCFA-AE2AE2067736}.Release|Any CPU.Build.0 = Release|Any CPU
		{4C474EAA-EB63-424C-BCFA-AE2AE2067736}.Release|ARM.ActiveCfg = Release|Any CPU
		{4C474EAA-EB63-424C-BCFA-AE2AE2067736}.Release|ARM.Build.0 = Release|Any CPU
		{4C474EAA-EB63-424C-BCFA-AE2AE2067736}.Release|ARM64.ActiveCfg = Release|Any CPU
		{4C474EAA-EB63-424C-BCFA-AE2AE2067736}.Release|ARM64.Build.0 = Release|Any CPU
		{4C474EAA-EB63-424C-BCFA-AE2AE2067736}.Release|x64.ActiveCfg = Release|Any CPU
		{4C474EAA-EB63-424C-BCFA-AE2AE2067736}.Release|x64.Build.0 = Release|Any CPU
		{4C474EAA-EB63-424C-BCFA-AE2AE2067736}.Release|x86.ActiveCfg = Release|Any CPU
		{4C474EAA-EB63-424C-BCFA-AE2AE2067736}.Release|x86.Build.0 = Release|Any CPU
		{CA6D2E1D-BCC2-4F8E-B78D-D28EBD943831}.Debug|Any CPU.ActiveCfg = Debug|Any CPU
		{CA6D2E1D-BCC2-4F8E-B78D-D28EBD943831}.Debug|Any CPU.Build.0 = Debug|Any CPU
		{CA6D2E1D-BCC2-4F8E-B78D-D28EBD943831}.Debug|ARM.ActiveCfg = Debug|Any CPU
		{CA6D2E1D-BCC2-4F8E-B78D-D28EBD943831}.Debug|ARM.Build.0 = Debug|Any CPU
		{CA6D2E1D-BCC2-4F8E-B78D-D28EBD943831}.Debug|ARM64.ActiveCfg = Debug|Any CPU
		{CA6D2E1D-BCC2-4F8E-B78D-D28EBD943831}.Debug|ARM64.Build.0 = Debug|Any CPU
		{CA6D2E1D-BCC2-4F8E-B78D-D28EBD943831}.Debug|x64.ActiveCfg = Debug|Any CPU
		{CA6D2E1D-BCC2-4F8E-B78D-D28EBD943831}.Debug|x64.Build.0 = Debug|Any CPU
		{CA6D2E1D-BCC2-4F8E-B78D-D28EBD943831}.Debug|x86.ActiveCfg = Debug|Any CPU
		{CA6D2E1D-BCC2-4F8E-B78D-D28EBD943831}.Debug|x86.Build.0 = Debug|Any CPU
		{CA6D2E1D-BCC2-4F8E-B78D-D28EBD943831}.Release|Any CPU.ActiveCfg = Release|Any CPU
		{CA6D2E1D-BCC2-4F8E-B78D-D28EBD943831}.Release|Any CPU.Build.0 = Release|Any CPU
		{CA6D2E1D-BCC2-4F8E-B78D-D28EBD943831}.Release|ARM.ActiveCfg = Release|Any CPU
		{CA6D2E1D-BCC2-4F8E-B78D-D28EBD943831}.Release|ARM.Build.0 = Release|Any CPU
		{CA6D2E1D-BCC2-4F8E-B78D-D28EBD943831}.Release|ARM64.ActiveCfg = Release|Any CPU
		{CA6D2E1D-BCC2-4F8E-B78D-D28EBD943831}.Release|ARM64.Build.0 = Release|Any CPU
		{CA6D2E1D-BCC2-4F8E-B78D-D28EBD943831}.Release|x64.ActiveCfg = Release|Any CPU
		{CA6D2E1D-BCC2-4F8E-B78D-D28EBD943831}.Release|x64.Build.0 = Release|Any CPU
		{CA6D2E1D-BCC2-4F8E-B78D-D28EBD943831}.Release|x86.ActiveCfg = Release|Any CPU
		{CA6D2E1D-BCC2-4F8E-B78D-D28EBD943831}.Release|x86.Build.0 = Release|Any CPU
		{CAF87B57-E046-466F-B8C5-32066CF8886B}.Debug|Any CPU.ActiveCfg = Debug|Any CPU
		{CAF87B57-E046-466F-B8C5-32066CF8886B}.Debug|Any CPU.Build.0 = Debug|Any CPU
		{CAF87B57-E046-466F-B8C5-32066CF8886B}.Debug|ARM.ActiveCfg = Debug|Any CPU
		{CAF87B57-E046-466F-B8C5-32066CF8886B}.Debug|ARM.Build.0 = Debug|Any CPU
		{CAF87B57-E046-466F-B8C5-32066CF8886B}.Debug|ARM64.ActiveCfg = Debug|Any CPU
		{CAF87B57-E046-466F-B8C5-32066CF8886B}.Debug|ARM64.Build.0 = Debug|Any CPU
		{CAF87B57-E046-466F-B8C5-32066CF8886B}.Debug|x64.ActiveCfg = Debug|Any CPU
		{CAF87B57-E046-466F-B8C5-32066CF8886B}.Debug|x64.Build.0 = Debug|Any CPU
		{CAF87B57-E046-466F-B8C5-32066CF8886B}.Debug|x86.ActiveCfg = Debug|Any CPU
		{CAF87B57-E046-466F-B8C5-32066CF8886B}.Debug|x86.Build.0 = Debug|Any CPU
		{CAF87B57-E046-466F-B8C5-32066CF8886B}.Release|Any CPU.ActiveCfg = Release|Any CPU
		{CAF87B57-E046-466F-B8C5-32066CF8886B}.Release|Any CPU.Build.0 = Release|Any CPU
		{CAF87B57-E046-466F-B8C5-32066CF8886B}.Release|ARM.ActiveCfg = Release|Any CPU
		{CAF87B57-E046-466F-B8C5-32066CF8886B}.Release|ARM.Build.0 = Release|Any CPU
		{CAF87B57-E046-466F-B8C5-32066CF8886B}.Release|ARM64.ActiveCfg = Release|Any CPU
		{CAF87B57-E046-466F-B8C5-32066CF8886B}.Release|ARM64.Build.0 = Release|Any CPU
		{CAF87B57-E046-466F-B8C5-32066CF8886B}.Release|x64.ActiveCfg = Release|Any CPU
		{CAF87B57-E046-466F-B8C5-32066CF8886B}.Release|x64.Build.0 = Release|Any CPU
		{CAF87B57-E046-466F-B8C5-32066CF8886B}.Release|x86.ActiveCfg = Release|Any CPU
		{CAF87B57-E046-466F-B8C5-32066CF8886B}.Release|x86.Build.0 = Release|Any CPU
		{CCEB6931-2B59-49D5-8916-BE184CEB0BA1}.Debug|Any CPU.ActiveCfg = Debug|Any CPU
		{CCEB6931-2B59-49D5-8916-BE184CEB0BA1}.Debug|Any CPU.Build.0 = Debug|Any CPU
		{CCEB6931-2B59-49D5-8916-BE184CEB0BA1}.Debug|ARM.ActiveCfg = Debug|Any CPU
		{CCEB6931-2B59-49D5-8916-BE184CEB0BA1}.Debug|ARM.Build.0 = Debug|Any CPU
		{CCEB6931-2B59-49D5-8916-BE184CEB0BA1}.Debug|ARM64.ActiveCfg = Debug|Any CPU
		{CCEB6931-2B59-49D5-8916-BE184CEB0BA1}.Debug|ARM64.Build.0 = Debug|Any CPU
		{CCEB6931-2B59-49D5-8916-BE184CEB0BA1}.Debug|x64.ActiveCfg = Debug|Any CPU
		{CCEB6931-2B59-49D5-8916-BE184CEB0BA1}.Debug|x64.Build.0 = Debug|Any CPU
		{CCEB6931-2B59-49D5-8916-BE184CEB0BA1}.Debug|x86.ActiveCfg = Debug|Any CPU
		{CCEB6931-2B59-49D5-8916-BE184CEB0BA1}.Debug|x86.Build.0 = Debug|Any CPU
		{CCEB6931-2B59-49D5-8916-BE184CEB0BA1}.Release|Any CPU.ActiveCfg = Release|Any CPU
		{CCEB6931-2B59-49D5-8916-BE184CEB0BA1}.Release|Any CPU.Build.0 = Release|Any CPU
		{CCEB6931-2B59-49D5-8916-BE184CEB0BA1}.Release|ARM.ActiveCfg = Release|Any CPU
		{CCEB6931-2B59-49D5-8916-BE184CEB0BA1}.Release|ARM.Build.0 = Release|Any CPU
		{CCEB6931-2B59-49D5-8916-BE184CEB0BA1}.Release|ARM64.ActiveCfg = Release|Any CPU
		{CCEB6931-2B59-49D5-8916-BE184CEB0BA1}.Release|ARM64.Build.0 = Release|Any CPU
		{CCEB6931-2B59-49D5-8916-BE184CEB0BA1}.Release|x64.ActiveCfg = Release|Any CPU
		{CCEB6931-2B59-49D5-8916-BE184CEB0BA1}.Release|x64.Build.0 = Release|Any CPU
		{CCEB6931-2B59-49D5-8916-BE184CEB0BA1}.Release|x86.ActiveCfg = Release|Any CPU
		{CCEB6931-2B59-49D5-8916-BE184CEB0BA1}.Release|x86.Build.0 = Release|Any CPU
		{986CE90B-9F4F-4DEF-8C2C-9BFD8F6A1855}.Debug|Any CPU.ActiveCfg = Debug|Any CPU
		{986CE90B-9F4F-4DEF-8C2C-9BFD8F6A1855}.Debug|Any CPU.Build.0 = Debug|Any CPU
		{986CE90B-9F4F-4DEF-8C2C-9BFD8F6A1855}.Debug|ARM.ActiveCfg = Debug|Any CPU
		{986CE90B-9F4F-4DEF-8C2C-9BFD8F6A1855}.Debug|ARM.Build.0 = Debug|Any CPU
		{986CE90B-9F4F-4DEF-8C2C-9BFD8F6A1855}.Debug|ARM64.ActiveCfg = Debug|Any CPU
		{986CE90B-9F4F-4DEF-8C2C-9BFD8F6A1855}.Debug|ARM64.Build.0 = Debug|Any CPU
		{986CE90B-9F4F-4DEF-8C2C-9BFD8F6A1855}.Debug|x64.ActiveCfg = Debug|Any CPU
		{986CE90B-9F4F-4DEF-8C2C-9BFD8F6A1855}.Debug|x64.Build.0 = Debug|Any CPU
		{986CE90B-9F4F-4DEF-8C2C-9BFD8F6A1855}.Debug|x86.ActiveCfg = Debug|Any CPU
		{986CE90B-9F4F-4DEF-8C2C-9BFD8F6A1855}.Debug|x86.Build.0 = Debug|Any CPU
		{986CE90B-9F4F-4DEF-8C2C-9BFD8F6A1855}.Release|Any CPU.ActiveCfg = Release|Any CPU
		{986CE90B-9F4F-4DEF-8C2C-9BFD8F6A1855}.Release|Any CPU.Build.0 = Release|Any CPU
		{986CE90B-9F4F-4DEF-8C2C-9BFD8F6A1855}.Release|ARM.ActiveCfg = Release|Any CPU
		{986CE90B-9F4F-4DEF-8C2C-9BFD8F6A1855}.Release|ARM.Build.0 = Release|Any CPU
		{986CE90B-9F4F-4DEF-8C2C-9BFD8F6A1855}.Release|ARM64.ActiveCfg = Release|Any CPU
		{986CE90B-9F4F-4DEF-8C2C-9BFD8F6A1855}.Release|ARM64.Build.0 = Release|Any CPU
		{986CE90B-9F4F-4DEF-8C2C-9BFD8F6A1855}.Release|x64.ActiveCfg = Release|Any CPU
		{986CE90B-9F4F-4DEF-8C2C-9BFD8F6A1855}.Release|x64.Build.0 = Release|Any CPU
		{986CE90B-9F4F-4DEF-8C2C-9BFD8F6A1855}.Release|x86.ActiveCfg = Release|Any CPU
		{986CE90B-9F4F-4DEF-8C2C-9BFD8F6A1855}.Release|x86.Build.0 = Release|Any CPU
		{BF1D9516-444A-4B12-83C2-F41F8D8F0344}.Debug|Any CPU.ActiveCfg = Debug|Any CPU
		{BF1D9516-444A-4B12-83C2-F41F8D8F0344}.Debug|Any CPU.Build.0 = Debug|Any CPU
		{BF1D9516-444A-4B12-83C2-F41F8D8F0344}.Debug|ARM.ActiveCfg = Debug|Any CPU
		{BF1D9516-444A-4B12-83C2-F41F8D8F0344}.Debug|ARM.Build.0 = Debug|Any CPU
		{BF1D9516-444A-4B12-83C2-F41F8D8F0344}.Debug|ARM64.ActiveCfg = Debug|Any CPU
		{BF1D9516-444A-4B12-83C2-F41F8D8F0344}.Debug|ARM64.Build.0 = Debug|Any CPU
		{BF1D9516-444A-4B12-83C2-F41F8D8F0344}.Debug|x64.ActiveCfg = Debug|Any CPU
		{BF1D9516-444A-4B12-83C2-F41F8D8F0344}.Debug|x64.Build.0 = Debug|Any CPU
		{BF1D9516-444A-4B12-83C2-F41F8D8F0344}.Debug|x86.ActiveCfg = Debug|Any CPU
		{BF1D9516-444A-4B12-83C2-F41F8D8F0344}.Debug|x86.Build.0 = Debug|Any CPU
		{BF1D9516-444A-4B12-83C2-F41F8D8F0344}.Release|Any CPU.ActiveCfg = Release|Any CPU
		{BF1D9516-444A-4B12-83C2-F41F8D8F0344}.Release|Any CPU.Build.0 = Release|Any CPU
		{BF1D9516-444A-4B12-83C2-F41F8D8F0344}.Release|ARM.ActiveCfg = Release|Any CPU
		{BF1D9516-444A-4B12-83C2-F41F8D8F0344}.Release|ARM.Build.0 = Release|Any CPU
		{BF1D9516-444A-4B12-83C2-F41F8D8F0344}.Release|ARM64.ActiveCfg = Release|Any CPU
		{BF1D9516-444A-4B12-83C2-F41F8D8F0344}.Release|ARM64.Build.0 = Release|Any CPU
		{BF1D9516-444A-4B12-83C2-F41F8D8F0344}.Release|x64.ActiveCfg = Release|Any CPU
		{BF1D9516-444A-4B12-83C2-F41F8D8F0344}.Release|x64.Build.0 = Release|Any CPU
		{BF1D9516-444A-4B12-83C2-F41F8D8F0344}.Release|x86.ActiveCfg = Release|Any CPU
		{BF1D9516-444A-4B12-83C2-F41F8D8F0344}.Release|x86.Build.0 = Release|Any CPU
		{28C9E8D4-8288-4A32-8B5C-8892B9C6958C}.Debug|Any CPU.ActiveCfg = Debug|Any CPU
		{28C9E8D4-8288-4A32-8B5C-8892B9C6958C}.Debug|Any CPU.Build.0 = Debug|Any CPU
		{28C9E8D4-8288-4A32-8B5C-8892B9C6958C}.Debug|ARM.ActiveCfg = Debug|Any CPU
		{28C9E8D4-8288-4A32-8B5C-8892B9C6958C}.Debug|ARM.Build.0 = Debug|Any CPU
		{28C9E8D4-8288-4A32-8B5C-8892B9C6958C}.Debug|ARM64.ActiveCfg = Debug|Any CPU
		{28C9E8D4-8288-4A32-8B5C-8892B9C6958C}.Debug|ARM64.Build.0 = Debug|Any CPU
		{28C9E8D4-8288-4A32-8B5C-8892B9C6958C}.Debug|x64.ActiveCfg = Debug|Any CPU
		{28C9E8D4-8288-4A32-8B5C-8892B9C6958C}.Debug|x64.Build.0 = Debug|Any CPU
		{28C9E8D4-8288-4A32-8B5C-8892B9C6958C}.Debug|x86.ActiveCfg = Debug|Any CPU
		{28C9E8D4-8288-4A32-8B5C-8892B9C6958C}.Debug|x86.Build.0 = Debug|Any CPU
		{28C9E8D4-8288-4A32-8B5C-8892B9C6958C}.Release|Any CPU.ActiveCfg = Release|Any CPU
		{28C9E8D4-8288-4A32-8B5C-8892B9C6958C}.Release|Any CPU.Build.0 = Release|Any CPU
		{28C9E8D4-8288-4A32-8B5C-8892B9C6958C}.Release|ARM.ActiveCfg = Release|Any CPU
		{28C9E8D4-8288-4A32-8B5C-8892B9C6958C}.Release|ARM.Build.0 = Release|Any CPU
		{28C9E8D4-8288-4A32-8B5C-8892B9C6958C}.Release|ARM64.ActiveCfg = Release|Any CPU
		{28C9E8D4-8288-4A32-8B5C-8892B9C6958C}.Release|ARM64.Build.0 = Release|Any CPU
		{28C9E8D4-8288-4A32-8B5C-8892B9C6958C}.Release|x64.ActiveCfg = Release|Any CPU
		{28C9E8D4-8288-4A32-8B5C-8892B9C6958C}.Release|x64.Build.0 = Release|Any CPU
		{28C9E8D4-8288-4A32-8B5C-8892B9C6958C}.Release|x86.ActiveCfg = Release|Any CPU
		{28C9E8D4-8288-4A32-8B5C-8892B9C6958C}.Release|x86.Build.0 = Release|Any CPU
		{F073C67C-FFF4-4A05-A5CB-997ACFDC00D2}.Debug|Any CPU.ActiveCfg = Debug|Any CPU
		{F073C67C-FFF4-4A05-A5CB-997ACFDC00D2}.Debug|Any CPU.Build.0 = Debug|Any CPU
		{F073C67C-FFF4-4A05-A5CB-997ACFDC00D2}.Debug|ARM.ActiveCfg = Debug|Any CPU
		{F073C67C-FFF4-4A05-A5CB-997ACFDC00D2}.Debug|ARM.Build.0 = Debug|Any CPU
		{F073C67C-FFF4-4A05-A5CB-997ACFDC00D2}.Debug|ARM64.ActiveCfg = Debug|Any CPU
		{F073C67C-FFF4-4A05-A5CB-997ACFDC00D2}.Debug|ARM64.Build.0 = Debug|Any CPU
		{F073C67C-FFF4-4A05-A5CB-997ACFDC00D2}.Debug|x64.ActiveCfg = Debug|Any CPU
		{F073C67C-FFF4-4A05-A5CB-997ACFDC00D2}.Debug|x64.Build.0 = Debug|Any CPU
		{F073C67C-FFF4-4A05-A5CB-997ACFDC00D2}.Debug|x86.ActiveCfg = Debug|Any CPU
		{F073C67C-FFF4-4A05-A5CB-997ACFDC00D2}.Debug|x86.Build.0 = Debug|Any CPU
		{F073C67C-FFF4-4A05-A5CB-997ACFDC00D2}.Release|Any CPU.ActiveCfg = Release|Any CPU
		{F073C67C-FFF4-4A05-A5CB-997ACFDC00D2}.Release|Any CPU.Build.0 = Release|Any CPU
		{F073C67C-FFF4-4A05-A5CB-997ACFDC00D2}.Release|ARM.ActiveCfg = Release|Any CPU
		{F073C67C-FFF4-4A05-A5CB-997ACFDC00D2}.Release|ARM.Build.0 = Release|Any CPU
		{F073C67C-FFF4-4A05-A5CB-997ACFDC00D2}.Release|ARM64.ActiveCfg = Release|Any CPU
		{F073C67C-FFF4-4A05-A5CB-997ACFDC00D2}.Release|ARM64.Build.0 = Release|Any CPU
		{F073C67C-FFF4-4A05-A5CB-997ACFDC00D2}.Release|x64.ActiveCfg = Release|Any CPU
		{F073C67C-FFF4-4A05-A5CB-997ACFDC00D2}.Release|x64.Build.0 = Release|Any CPU
		{F073C67C-FFF4-4A05-A5CB-997ACFDC00D2}.Release|x86.ActiveCfg = Release|Any CPU
		{F073C67C-FFF4-4A05-A5CB-997ACFDC00D2}.Release|x86.Build.0 = Release|Any CPU
		{57B48D70-685C-4C76-984C-F88527441D7C}.Debug|Any CPU.ActiveCfg = Debug|Any CPU
		{57B48D70-685C-4C76-984C-F88527441D7C}.Debug|Any CPU.Build.0 = Debug|Any CPU
		{57B48D70-685C-4C76-984C-F88527441D7C}.Debug|Any CPU.Deploy.0 = Debug|Any CPU
		{57B48D70-685C-4C76-984C-F88527441D7C}.Debug|ARM.ActiveCfg = Debug|Any CPU
		{57B48D70-685C-4C76-984C-F88527441D7C}.Debug|ARM.Build.0 = Debug|Any CPU
		{57B48D70-685C-4C76-984C-F88527441D7C}.Debug|ARM.Deploy.0 = Debug|Any CPU
		{57B48D70-685C-4C76-984C-F88527441D7C}.Debug|ARM64.ActiveCfg = Debug|Any CPU
		{57B48D70-685C-4C76-984C-F88527441D7C}.Debug|ARM64.Build.0 = Debug|Any CPU
		{57B48D70-685C-4C76-984C-F88527441D7C}.Debug|ARM64.Deploy.0 = Debug|Any CPU
		{57B48D70-685C-4C76-984C-F88527441D7C}.Debug|x64.ActiveCfg = Debug|Any CPU
		{57B48D70-685C-4C76-984C-F88527441D7C}.Debug|x64.Build.0 = Debug|Any CPU
		{57B48D70-685C-4C76-984C-F88527441D7C}.Debug|x64.Deploy.0 = Debug|Any CPU
		{57B48D70-685C-4C76-984C-F88527441D7C}.Debug|x86.ActiveCfg = Debug|Any CPU
		{57B48D70-685C-4C76-984C-F88527441D7C}.Debug|x86.Build.0 = Debug|Any CPU
		{57B48D70-685C-4C76-984C-F88527441D7C}.Debug|x86.Deploy.0 = Debug|Any CPU
		{57B48D70-685C-4C76-984C-F88527441D7C}.Release|Any CPU.ActiveCfg = Release|Any CPU
		{57B48D70-685C-4C76-984C-F88527441D7C}.Release|Any CPU.Build.0 = Release|Any CPU
		{57B48D70-685C-4C76-984C-F88527441D7C}.Release|Any CPU.Deploy.0 = Release|Any CPU
		{57B48D70-685C-4C76-984C-F88527441D7C}.Release|ARM.ActiveCfg = Release|Any CPU
		{57B48D70-685C-4C76-984C-F88527441D7C}.Release|ARM.Build.0 = Release|Any CPU
		{57B48D70-685C-4C76-984C-F88527441D7C}.Release|ARM.Deploy.0 = Release|Any CPU
		{57B48D70-685C-4C76-984C-F88527441D7C}.Release|ARM64.ActiveCfg = Release|Any CPU
		{57B48D70-685C-4C76-984C-F88527441D7C}.Release|ARM64.Build.0 = Release|Any CPU
		{57B48D70-685C-4C76-984C-F88527441D7C}.Release|ARM64.Deploy.0 = Release|Any CPU
		{57B48D70-685C-4C76-984C-F88527441D7C}.Release|x64.ActiveCfg = Release|Any CPU
		{57B48D70-685C-4C76-984C-F88527441D7C}.Release|x64.Build.0 = Release|Any CPU
		{57B48D70-685C-4C76-984C-F88527441D7C}.Release|x64.Deploy.0 = Release|Any CPU
		{57B48D70-685C-4C76-984C-F88527441D7C}.Release|x86.ActiveCfg = Release|Any CPU
		{57B48D70-685C-4C76-984C-F88527441D7C}.Release|x86.Build.0 = Release|Any CPU
		{57B48D70-685C-4C76-984C-F88527441D7C}.Release|x86.Deploy.0 = Release|Any CPU
		{93CA0868-8D4E-470F-ACEA-253BDAE2EDB7}.Debug|Any CPU.ActiveCfg = Debug|Any CPU
		{93CA0868-8D4E-470F-ACEA-253BDAE2EDB7}.Debug|Any CPU.Build.0 = Debug|Any CPU
		{93CA0868-8D4E-470F-ACEA-253BDAE2EDB7}.Debug|Any CPU.Deploy.0 = Debug|Any CPU
		{93CA0868-8D4E-470F-ACEA-253BDAE2EDB7}.Debug|ARM.ActiveCfg = Debug|Any CPU
		{93CA0868-8D4E-470F-ACEA-253BDAE2EDB7}.Debug|ARM.Build.0 = Debug|Any CPU
		{93CA0868-8D4E-470F-ACEA-253BDAE2EDB7}.Debug|ARM.Deploy.0 = Debug|Any CPU
		{93CA0868-8D4E-470F-ACEA-253BDAE2EDB7}.Debug|ARM64.ActiveCfg = Debug|Any CPU
		{93CA0868-8D4E-470F-ACEA-253BDAE2EDB7}.Debug|ARM64.Build.0 = Debug|Any CPU
		{93CA0868-8D4E-470F-ACEA-253BDAE2EDB7}.Debug|ARM64.Deploy.0 = Debug|Any CPU
		{93CA0868-8D4E-470F-ACEA-253BDAE2EDB7}.Debug|x64.ActiveCfg = Debug|Any CPU
		{93CA0868-8D4E-470F-ACEA-253BDAE2EDB7}.Debug|x64.Build.0 = Debug|Any CPU
		{93CA0868-8D4E-470F-ACEA-253BDAE2EDB7}.Debug|x64.Deploy.0 = Debug|Any CPU
		{93CA0868-8D4E-470F-ACEA-253BDAE2EDB7}.Debug|x86.ActiveCfg = Debug|Any CPU
		{93CA0868-8D4E-470F-ACEA-253BDAE2EDB7}.Debug|x86.Build.0 = Debug|Any CPU
		{93CA0868-8D4E-470F-ACEA-253BDAE2EDB7}.Debug|x86.Deploy.0 = Debug|Any CPU
		{93CA0868-8D4E-470F-ACEA-253BDAE2EDB7}.Release|Any CPU.ActiveCfg = Release|Any CPU
		{93CA0868-8D4E-470F-ACEA-253BDAE2EDB7}.Release|Any CPU.Build.0 = Release|Any CPU
		{93CA0868-8D4E-470F-ACEA-253BDAE2EDB7}.Release|Any CPU.Deploy.0 = Release|Any CPU
		{93CA0868-8D4E-470F-ACEA-253BDAE2EDB7}.Release|ARM.ActiveCfg = Release|Any CPU
		{93CA0868-8D4E-470F-ACEA-253BDAE2EDB7}.Release|ARM.Build.0 = Release|Any CPU
		{93CA0868-8D4E-470F-ACEA-253BDAE2EDB7}.Release|ARM.Deploy.0 = Release|Any CPU
		{93CA0868-8D4E-470F-ACEA-253BDAE2EDB7}.Release|ARM64.ActiveCfg = Release|Any CPU
		{93CA0868-8D4E-470F-ACEA-253BDAE2EDB7}.Release|ARM64.Build.0 = Release|Any CPU
		{93CA0868-8D4E-470F-ACEA-253BDAE2EDB7}.Release|ARM64.Deploy.0 = Release|Any CPU
		{93CA0868-8D4E-470F-ACEA-253BDAE2EDB7}.Release|x64.ActiveCfg = Release|Any CPU
		{93CA0868-8D4E-470F-ACEA-253BDAE2EDB7}.Release|x64.Build.0 = Release|Any CPU
		{93CA0868-8D4E-470F-ACEA-253BDAE2EDB7}.Release|x64.Deploy.0 = Release|Any CPU
		{93CA0868-8D4E-470F-ACEA-253BDAE2EDB7}.Release|x86.ActiveCfg = Release|Any CPU
		{93CA0868-8D4E-470F-ACEA-253BDAE2EDB7}.Release|x86.Build.0 = Release|Any CPU
		{93CA0868-8D4E-470F-ACEA-253BDAE2EDB7}.Release|x86.Deploy.0 = Release|Any CPU
		{D6C362F7-9679-4482-9260-DAEA9F91D51C}.Debug|Any CPU.ActiveCfg = Debug|Any CPU
		{D6C362F7-9679-4482-9260-DAEA9F91D51C}.Debug|Any CPU.Build.0 = Debug|Any CPU
		{D6C362F7-9679-4482-9260-DAEA9F91D51C}.Debug|ARM.ActiveCfg = Debug|Any CPU
		{D6C362F7-9679-4482-9260-DAEA9F91D51C}.Debug|ARM.Build.0 = Debug|Any CPU
		{D6C362F7-9679-4482-9260-DAEA9F91D51C}.Debug|ARM64.ActiveCfg = Debug|Any CPU
		{D6C362F7-9679-4482-9260-DAEA9F91D51C}.Debug|ARM64.Build.0 = Debug|Any CPU
		{D6C362F7-9679-4482-9260-DAEA9F91D51C}.Debug|x64.ActiveCfg = Debug|Any CPU
		{D6C362F7-9679-4482-9260-DAEA9F91D51C}.Debug|x64.Build.0 = Debug|Any CPU
		{D6C362F7-9679-4482-9260-DAEA9F91D51C}.Debug|x86.ActiveCfg = Debug|Any CPU
		{D6C362F7-9679-4482-9260-DAEA9F91D51C}.Debug|x86.Build.0 = Debug|Any CPU
		{D6C362F7-9679-4482-9260-DAEA9F91D51C}.Release|Any CPU.ActiveCfg = Release|Any CPU
		{D6C362F7-9679-4482-9260-DAEA9F91D51C}.Release|Any CPU.Build.0 = Release|Any CPU
		{D6C362F7-9679-4482-9260-DAEA9F91D51C}.Release|ARM.ActiveCfg = Release|Any CPU
		{D6C362F7-9679-4482-9260-DAEA9F91D51C}.Release|ARM.Build.0 = Release|Any CPU
		{D6C362F7-9679-4482-9260-DAEA9F91D51C}.Release|ARM64.ActiveCfg = Release|Any CPU
		{D6C362F7-9679-4482-9260-DAEA9F91D51C}.Release|ARM64.Build.0 = Release|Any CPU
		{D6C362F7-9679-4482-9260-DAEA9F91D51C}.Release|x64.ActiveCfg = Release|Any CPU
		{D6C362F7-9679-4482-9260-DAEA9F91D51C}.Release|x64.Build.0 = Release|Any CPU
		{D6C362F7-9679-4482-9260-DAEA9F91D51C}.Release|x86.ActiveCfg = Release|Any CPU
		{D6C362F7-9679-4482-9260-DAEA9F91D51C}.Release|x86.Build.0 = Release|Any CPU
		{0F4C6018-BE2F-4041-8816-F2E4E95CCDBC}.Debug|Any CPU.ActiveCfg = Debug|Any CPU
		{0F4C6018-BE2F-4041-8816-F2E4E95CCDBC}.Debug|Any CPU.Build.0 = Debug|Any CPU
		{0F4C6018-BE2F-4041-8816-F2E4E95CCDBC}.Debug|ARM.ActiveCfg = Debug|Any CPU
		{0F4C6018-BE2F-4041-8816-F2E4E95CCDBC}.Debug|ARM.Build.0 = Debug|Any CPU
		{0F4C6018-BE2F-4041-8816-F2E4E95CCDBC}.Debug|ARM64.ActiveCfg = Debug|Any CPU
		{0F4C6018-BE2F-4041-8816-F2E4E95CCDBC}.Debug|ARM64.Build.0 = Debug|Any CPU
		{0F4C6018-BE2F-4041-8816-F2E4E95CCDBC}.Debug|x64.ActiveCfg = Debug|Any CPU
		{0F4C6018-BE2F-4041-8816-F2E4E95CCDBC}.Debug|x64.Build.0 = Debug|Any CPU
		{0F4C6018-BE2F-4041-8816-F2E4E95CCDBC}.Debug|x86.ActiveCfg = Debug|Any CPU
		{0F4C6018-BE2F-4041-8816-F2E4E95CCDBC}.Debug|x86.Build.0 = Debug|Any CPU
		{0F4C6018-BE2F-4041-8816-F2E4E95CCDBC}.Release|Any CPU.ActiveCfg = Release|Any CPU
		{0F4C6018-BE2F-4041-8816-F2E4E95CCDBC}.Release|Any CPU.Build.0 = Release|Any CPU
		{0F4C6018-BE2F-4041-8816-F2E4E95CCDBC}.Release|ARM.ActiveCfg = Release|Any CPU
		{0F4C6018-BE2F-4041-8816-F2E4E95CCDBC}.Release|ARM.Build.0 = Release|Any CPU
		{0F4C6018-BE2F-4041-8816-F2E4E95CCDBC}.Release|ARM64.ActiveCfg = Release|Any CPU
		{0F4C6018-BE2F-4041-8816-F2E4E95CCDBC}.Release|ARM64.Build.0 = Release|Any CPU
		{0F4C6018-BE2F-4041-8816-F2E4E95CCDBC}.Release|x64.ActiveCfg = Release|Any CPU
		{0F4C6018-BE2F-4041-8816-F2E4E95CCDBC}.Release|x64.Build.0 = Release|Any CPU
		{0F4C6018-BE2F-4041-8816-F2E4E95CCDBC}.Release|x86.ActiveCfg = Release|Any CPU
		{0F4C6018-BE2F-4041-8816-F2E4E95CCDBC}.Release|x86.Build.0 = Release|Any CPU
		{EACB2DB6-65D0-49C6-8634-DC72140BE82F}.Debug|Any CPU.ActiveCfg = Debug|Any CPU
		{EACB2DB6-65D0-49C6-8634-DC72140BE82F}.Debug|Any CPU.Build.0 = Debug|Any CPU
		{EACB2DB6-65D0-49C6-8634-DC72140BE82F}.Debug|ARM.ActiveCfg = Debug|Any CPU
		{EACB2DB6-65D0-49C6-8634-DC72140BE82F}.Debug|ARM.Build.0 = Debug|Any CPU
		{EACB2DB6-65D0-49C6-8634-DC72140BE82F}.Debug|ARM64.ActiveCfg = Debug|Any CPU
		{EACB2DB6-65D0-49C6-8634-DC72140BE82F}.Debug|ARM64.Build.0 = Debug|Any CPU
		{EACB2DB6-65D0-49C6-8634-DC72140BE82F}.Debug|x64.ActiveCfg = Debug|Any CPU
		{EACB2DB6-65D0-49C6-8634-DC72140BE82F}.Debug|x64.Build.0 = Debug|Any CPU
		{EACB2DB6-65D0-49C6-8634-DC72140BE82F}.Debug|x86.ActiveCfg = Debug|Any CPU
		{EACB2DB6-65D0-49C6-8634-DC72140BE82F}.Debug|x86.Build.0 = Debug|Any CPU
		{EACB2DB6-65D0-49C6-8634-DC72140BE82F}.Release|Any CPU.ActiveCfg = Release|Any CPU
		{EACB2DB6-65D0-49C6-8634-DC72140BE82F}.Release|Any CPU.Build.0 = Release|Any CPU
		{EACB2DB6-65D0-49C6-8634-DC72140BE82F}.Release|ARM.ActiveCfg = Release|Any CPU
		{EACB2DB6-65D0-49C6-8634-DC72140BE82F}.Release|ARM.Build.0 = Release|Any CPU
		{EACB2DB6-65D0-49C6-8634-DC72140BE82F}.Release|ARM64.ActiveCfg = Release|Any CPU
		{EACB2DB6-65D0-49C6-8634-DC72140BE82F}.Release|ARM64.Build.0 = Release|Any CPU
		{EACB2DB6-65D0-49C6-8634-DC72140BE82F}.Release|x64.ActiveCfg = Release|Any CPU
		{EACB2DB6-65D0-49C6-8634-DC72140BE82F}.Release|x64.Build.0 = Release|Any CPU
		{EACB2DB6-65D0-49C6-8634-DC72140BE82F}.Release|x86.ActiveCfg = Release|Any CPU
		{EACB2DB6-65D0-49C6-8634-DC72140BE82F}.Release|x86.Build.0 = Release|Any CPU
		{2701D6B3-7E6A-43B6-B285-4BB434DA48CC}.Debug|Any CPU.ActiveCfg = Debug|Any CPU
		{2701D6B3-7E6A-43B6-B285-4BB434DA48CC}.Debug|Any CPU.Build.0 = Debug|Any CPU
		{2701D6B3-7E6A-43B6-B285-4BB434DA48CC}.Debug|ARM.ActiveCfg = Debug|Any CPU
		{2701D6B3-7E6A-43B6-B285-4BB434DA48CC}.Debug|ARM.Build.0 = Debug|Any CPU
		{2701D6B3-7E6A-43B6-B285-4BB434DA48CC}.Debug|ARM64.ActiveCfg = Debug|Any CPU
		{2701D6B3-7E6A-43B6-B285-4BB434DA48CC}.Debug|ARM64.Build.0 = Debug|Any CPU
		{2701D6B3-7E6A-43B6-B285-4BB434DA48CC}.Debug|x64.ActiveCfg = Debug|Any CPU
		{2701D6B3-7E6A-43B6-B285-4BB434DA48CC}.Debug|x64.Build.0 = Debug|Any CPU
		{2701D6B3-7E6A-43B6-B285-4BB434DA48CC}.Debug|x86.ActiveCfg = Debug|Any CPU
		{2701D6B3-7E6A-43B6-B285-4BB434DA48CC}.Debug|x86.Build.0 = Debug|Any CPU
		{2701D6B3-7E6A-43B6-B285-4BB434DA48CC}.Release|Any CPU.ActiveCfg = Release|Any CPU
		{2701D6B3-7E6A-43B6-B285-4BB434DA48CC}.Release|Any CPU.Build.0 = Release|Any CPU
		{2701D6B3-7E6A-43B6-B285-4BB434DA48CC}.Release|ARM.ActiveCfg = Release|Any CPU
		{2701D6B3-7E6A-43B6-B285-4BB434DA48CC}.Release|ARM.Build.0 = Release|Any CPU
		{2701D6B3-7E6A-43B6-B285-4BB434DA48CC}.Release|ARM64.ActiveCfg = Release|Any CPU
		{2701D6B3-7E6A-43B6-B285-4BB434DA48CC}.Release|ARM64.Build.0 = Release|Any CPU
		{2701D6B3-7E6A-43B6-B285-4BB434DA48CC}.Release|x64.ActiveCfg = Release|Any CPU
		{2701D6B3-7E6A-43B6-B285-4BB434DA48CC}.Release|x64.Build.0 = Release|Any CPU
		{2701D6B3-7E6A-43B6-B285-4BB434DA48CC}.Release|x86.ActiveCfg = Release|Any CPU
		{2701D6B3-7E6A-43B6-B285-4BB434DA48CC}.Release|x86.Build.0 = Release|Any CPU
		{1300A1A6-F165-4894-A11D-D8B1E27F6516}.Debug|Any CPU.ActiveCfg = Debug|Any CPU
		{1300A1A6-F165-4894-A11D-D8B1E27F6516}.Debug|Any CPU.Build.0 = Debug|Any CPU
		{1300A1A6-F165-4894-A11D-D8B1E27F6516}.Debug|ARM.ActiveCfg = Debug|Any CPU
		{1300A1A6-F165-4894-A11D-D8B1E27F6516}.Debug|ARM.Build.0 = Debug|Any CPU
		{1300A1A6-F165-4894-A11D-D8B1E27F6516}.Debug|ARM64.ActiveCfg = Debug|Any CPU
		{1300A1A6-F165-4894-A11D-D8B1E27F6516}.Debug|ARM64.Build.0 = Debug|Any CPU
		{1300A1A6-F165-4894-A11D-D8B1E27F6516}.Debug|x64.ActiveCfg = Debug|Any CPU
		{1300A1A6-F165-4894-A11D-D8B1E27F6516}.Debug|x64.Build.0 = Debug|Any CPU
		{1300A1A6-F165-4894-A11D-D8B1E27F6516}.Debug|x86.ActiveCfg = Debug|Any CPU
		{1300A1A6-F165-4894-A11D-D8B1E27F6516}.Debug|x86.Build.0 = Debug|Any CPU
		{1300A1A6-F165-4894-A11D-D8B1E27F6516}.Release|Any CPU.ActiveCfg = Release|Any CPU
		{1300A1A6-F165-4894-A11D-D8B1E27F6516}.Release|Any CPU.Build.0 = Release|Any CPU
		{1300A1A6-F165-4894-A11D-D8B1E27F6516}.Release|ARM.ActiveCfg = Release|Any CPU
		{1300A1A6-F165-4894-A11D-D8B1E27F6516}.Release|ARM.Build.0 = Release|Any CPU
		{1300A1A6-F165-4894-A11D-D8B1E27F6516}.Release|ARM64.ActiveCfg = Release|Any CPU
		{1300A1A6-F165-4894-A11D-D8B1E27F6516}.Release|ARM64.Build.0 = Release|Any CPU
		{1300A1A6-F165-4894-A11D-D8B1E27F6516}.Release|x64.ActiveCfg = Release|Any CPU
		{1300A1A6-F165-4894-A11D-D8B1E27F6516}.Release|x64.Build.0 = Release|Any CPU
		{1300A1A6-F165-4894-A11D-D8B1E27F6516}.Release|x86.ActiveCfg = Release|Any CPU
		{1300A1A6-F165-4894-A11D-D8B1E27F6516}.Release|x86.Build.0 = Release|Any CPU
		{235F3F4A-F075-477D-9923-FE2360FB7EEA}.Debug|Any CPU.ActiveCfg = Debug|Any CPU
		{235F3F4A-F075-477D-9923-FE2360FB7EEA}.Debug|Any CPU.Build.0 = Debug|Any CPU
		{235F3F4A-F075-477D-9923-FE2360FB7EEA}.Debug|ARM.ActiveCfg = Debug|Any CPU
		{235F3F4A-F075-477D-9923-FE2360FB7EEA}.Debug|ARM.Build.0 = Debug|Any CPU
		{235F3F4A-F075-477D-9923-FE2360FB7EEA}.Debug|ARM64.ActiveCfg = Debug|Any CPU
		{235F3F4A-F075-477D-9923-FE2360FB7EEA}.Debug|ARM64.Build.0 = Debug|Any CPU
		{235F3F4A-F075-477D-9923-FE2360FB7EEA}.Debug|x64.ActiveCfg = Debug|Any CPU
		{235F3F4A-F075-477D-9923-FE2360FB7EEA}.Debug|x64.Build.0 = Debug|Any CPU
		{235F3F4A-F075-477D-9923-FE2360FB7EEA}.Debug|x86.ActiveCfg = Debug|Any CPU
		{235F3F4A-F075-477D-9923-FE2360FB7EEA}.Debug|x86.Build.0 = Debug|Any CPU
		{235F3F4A-F075-477D-9923-FE2360FB7EEA}.Release|Any CPU.ActiveCfg = Release|Any CPU
		{235F3F4A-F075-477D-9923-FE2360FB7EEA}.Release|Any CPU.Build.0 = Release|Any CPU
		{235F3F4A-F075-477D-9923-FE2360FB7EEA}.Release|ARM.ActiveCfg = Release|Any CPU
		{235F3F4A-F075-477D-9923-FE2360FB7EEA}.Release|ARM.Build.0 = Release|Any CPU
		{235F3F4A-F075-477D-9923-FE2360FB7EEA}.Release|ARM64.ActiveCfg = Release|Any CPU
		{235F3F4A-F075-477D-9923-FE2360FB7EEA}.Release|ARM64.Build.0 = Release|Any CPU
		{235F3F4A-F075-477D-9923-FE2360FB7EEA}.Release|x64.ActiveCfg = Release|Any CPU
		{235F3F4A-F075-477D-9923-FE2360FB7EEA}.Release|x64.Build.0 = Release|Any CPU
		{235F3F4A-F075-477D-9923-FE2360FB7EEA}.Release|x86.ActiveCfg = Release|Any CPU
		{235F3F4A-F075-477D-9923-FE2360FB7EEA}.Release|x86.Build.0 = Release|Any CPU
		{D666EB32-78AA-4F7B-9CE0-D430C34E3118}.Debug|Any CPU.ActiveCfg = Debug|Any CPU
		{D666EB32-78AA-4F7B-9CE0-D430C34E3118}.Debug|Any CPU.Build.0 = Debug|Any CPU
		{D666EB32-78AA-4F7B-9CE0-D430C34E3118}.Debug|ARM.ActiveCfg = Debug|Any CPU
		{D666EB32-78AA-4F7B-9CE0-D430C34E3118}.Debug|ARM.Build.0 = Debug|Any CPU
		{D666EB32-78AA-4F7B-9CE0-D430C34E3118}.Debug|ARM64.ActiveCfg = Debug|Any CPU
		{D666EB32-78AA-4F7B-9CE0-D430C34E3118}.Debug|ARM64.Build.0 = Debug|Any CPU
		{D666EB32-78AA-4F7B-9CE0-D430C34E3118}.Debug|x64.ActiveCfg = Debug|Any CPU
		{D666EB32-78AA-4F7B-9CE0-D430C34E3118}.Debug|x64.Build.0 = Debug|Any CPU
		{D666EB32-78AA-4F7B-9CE0-D430C34E3118}.Debug|x86.ActiveCfg = Debug|Any CPU
		{D666EB32-78AA-4F7B-9CE0-D430C34E3118}.Debug|x86.Build.0 = Debug|Any CPU
		{D666EB32-78AA-4F7B-9CE0-D430C34E3118}.Release|Any CPU.ActiveCfg = Release|Any CPU
		{D666EB32-78AA-4F7B-9CE0-D430C34E3118}.Release|Any CPU.Build.0 = Release|Any CPU
		{D666EB32-78AA-4F7B-9CE0-D430C34E3118}.Release|ARM.ActiveCfg = Release|Any CPU
		{D666EB32-78AA-4F7B-9CE0-D430C34E3118}.Release|ARM.Build.0 = Release|Any CPU
		{D666EB32-78AA-4F7B-9CE0-D430C34E3118}.Release|ARM64.ActiveCfg = Release|Any CPU
		{D666EB32-78AA-4F7B-9CE0-D430C34E3118}.Release|ARM64.Build.0 = Release|Any CPU
		{D666EB32-78AA-4F7B-9CE0-D430C34E3118}.Release|x64.ActiveCfg = Release|Any CPU
		{D666EB32-78AA-4F7B-9CE0-D430C34E3118}.Release|x64.Build.0 = Release|Any CPU
		{D666EB32-78AA-4F7B-9CE0-D430C34E3118}.Release|x86.ActiveCfg = Release|Any CPU
		{D666EB32-78AA-4F7B-9CE0-D430C34E3118}.Release|x86.Build.0 = Release|Any CPU
		{BC0CE9CB-1490-4AC6-B2C5-100EE5025AD6}.Debug|Any CPU.ActiveCfg = Debug|Any CPU
		{BC0CE9CB-1490-4AC6-B2C5-100EE5025AD6}.Debug|Any CPU.Build.0 = Debug|Any CPU
		{BC0CE9CB-1490-4AC6-B2C5-100EE5025AD6}.Debug|ARM.ActiveCfg = Debug|Any CPU
		{BC0CE9CB-1490-4AC6-B2C5-100EE5025AD6}.Debug|ARM.Build.0 = Debug|Any CPU
		{BC0CE9CB-1490-4AC6-B2C5-100EE5025AD6}.Debug|ARM64.ActiveCfg = Debug|Any CPU
		{BC0CE9CB-1490-4AC6-B2C5-100EE5025AD6}.Debug|ARM64.Build.0 = Debug|Any CPU
		{BC0CE9CB-1490-4AC6-B2C5-100EE5025AD6}.Debug|x64.ActiveCfg = Debug|Any CPU
		{BC0CE9CB-1490-4AC6-B2C5-100EE5025AD6}.Debug|x64.Build.0 = Debug|Any CPU
		{BC0CE9CB-1490-4AC6-B2C5-100EE5025AD6}.Debug|x86.ActiveCfg = Debug|Any CPU
		{BC0CE9CB-1490-4AC6-B2C5-100EE5025AD6}.Debug|x86.Build.0 = Debug|Any CPU
		{BC0CE9CB-1490-4AC6-B2C5-100EE5025AD6}.Release|Any CPU.ActiveCfg = Release|Any CPU
		{BC0CE9CB-1490-4AC6-B2C5-100EE5025AD6}.Release|Any CPU.Build.0 = Release|Any CPU
		{BC0CE9CB-1490-4AC6-B2C5-100EE5025AD6}.Release|ARM.ActiveCfg = Release|Any CPU
		{BC0CE9CB-1490-4AC6-B2C5-100EE5025AD6}.Release|ARM.Build.0 = Release|Any CPU
		{BC0CE9CB-1490-4AC6-B2C5-100EE5025AD6}.Release|ARM64.ActiveCfg = Release|Any CPU
		{BC0CE9CB-1490-4AC6-B2C5-100EE5025AD6}.Release|ARM64.Build.0 = Release|Any CPU
		{BC0CE9CB-1490-4AC6-B2C5-100EE5025AD6}.Release|x64.ActiveCfg = Release|Any CPU
		{BC0CE9CB-1490-4AC6-B2C5-100EE5025AD6}.Release|x64.Build.0 = Release|Any CPU
		{BC0CE9CB-1490-4AC6-B2C5-100EE5025AD6}.Release|x86.ActiveCfg = Release|Any CPU
		{BC0CE9CB-1490-4AC6-B2C5-100EE5025AD6}.Release|x86.Build.0 = Release|Any CPU
		{4D625537-609E-4BFC-BD67-32285805A814}.Debug|Any CPU.ActiveCfg = Debug|Any CPU
		{4D625537-609E-4BFC-BD67-32285805A814}.Debug|Any CPU.Build.0 = Debug|Any CPU
		{4D625537-609E-4BFC-BD67-32285805A814}.Debug|ARM.ActiveCfg = Debug|Any CPU
		{4D625537-609E-4BFC-BD67-32285805A814}.Debug|ARM.Build.0 = Debug|Any CPU
		{4D625537-609E-4BFC-BD67-32285805A814}.Debug|ARM64.ActiveCfg = Debug|Any CPU
		{4D625537-609E-4BFC-BD67-32285805A814}.Debug|ARM64.Build.0 = Debug|Any CPU
		{4D625537-609E-4BFC-BD67-32285805A814}.Debug|x64.ActiveCfg = Debug|Any CPU
		{4D625537-609E-4BFC-BD67-32285805A814}.Debug|x64.Build.0 = Debug|Any CPU
		{4D625537-609E-4BFC-BD67-32285805A814}.Debug|x86.ActiveCfg = Debug|Any CPU
		{4D625537-609E-4BFC-BD67-32285805A814}.Debug|x86.Build.0 = Debug|Any CPU
		{4D625537-609E-4BFC-BD67-32285805A814}.Release|Any CPU.ActiveCfg = Release|Any CPU
		{4D625537-609E-4BFC-BD67-32285805A814}.Release|Any CPU.Build.0 = Release|Any CPU
		{4D625537-609E-4BFC-BD67-32285805A814}.Release|ARM.ActiveCfg = Release|Any CPU
		{4D625537-609E-4BFC-BD67-32285805A814}.Release|ARM.Build.0 = Release|Any CPU
		{4D625537-609E-4BFC-BD67-32285805A814}.Release|ARM64.ActiveCfg = Release|Any CPU
		{4D625537-609E-4BFC-BD67-32285805A814}.Release|ARM64.Build.0 = Release|Any CPU
		{4D625537-609E-4BFC-BD67-32285805A814}.Release|x64.ActiveCfg = Release|Any CPU
		{4D625537-609E-4BFC-BD67-32285805A814}.Release|x64.Build.0 = Release|Any CPU
		{4D625537-609E-4BFC-BD67-32285805A814}.Release|x86.ActiveCfg = Release|Any CPU
		{4D625537-609E-4BFC-BD67-32285805A814}.Release|x86.Build.0 = Release|Any CPU
		{52DF241C-B8FB-4EDC-A247-199A306A77D0}.Debug|Any CPU.ActiveCfg = Debug|Any CPU
		{52DF241C-B8FB-4EDC-A247-199A306A77D0}.Debug|Any CPU.Build.0 = Debug|Any CPU
		{52DF241C-B8FB-4EDC-A247-199A306A77D0}.Debug|ARM.ActiveCfg = Debug|Any CPU
		{52DF241C-B8FB-4EDC-A247-199A306A77D0}.Debug|ARM.Build.0 = Debug|Any CPU
		{52DF241C-B8FB-4EDC-A247-199A306A77D0}.Debug|ARM64.ActiveCfg = Debug|Any CPU
		{52DF241C-B8FB-4EDC-A247-199A306A77D0}.Debug|ARM64.Build.0 = Debug|Any CPU
		{52DF241C-B8FB-4EDC-A247-199A306A77D0}.Debug|x64.ActiveCfg = Debug|Any CPU
		{52DF241C-B8FB-4EDC-A247-199A306A77D0}.Debug|x64.Build.0 = Debug|Any CPU
		{52DF241C-B8FB-4EDC-A247-199A306A77D0}.Debug|x86.ActiveCfg = Debug|Any CPU
		{52DF241C-B8FB-4EDC-A247-199A306A77D0}.Debug|x86.Build.0 = Debug|Any CPU
		{52DF241C-B8FB-4EDC-A247-199A306A77D0}.Release|Any CPU.ActiveCfg = Release|Any CPU
		{52DF241C-B8FB-4EDC-A247-199A306A77D0}.Release|Any CPU.Build.0 = Release|Any CPU
		{52DF241C-B8FB-4EDC-A247-199A306A77D0}.Release|ARM.ActiveCfg = Release|Any CPU
		{52DF241C-B8FB-4EDC-A247-199A306A77D0}.Release|ARM.Build.0 = Release|Any CPU
		{52DF241C-B8FB-4EDC-A247-199A306A77D0}.Release|ARM64.ActiveCfg = Release|Any CPU
		{52DF241C-B8FB-4EDC-A247-199A306A77D0}.Release|ARM64.Build.0 = Release|Any CPU
		{52DF241C-B8FB-4EDC-A247-199A306A77D0}.Release|x64.ActiveCfg = Release|Any CPU
		{52DF241C-B8FB-4EDC-A247-199A306A77D0}.Release|x64.Build.0 = Release|Any CPU
		{52DF241C-B8FB-4EDC-A247-199A306A77D0}.Release|x86.ActiveCfg = Release|Any CPU
		{52DF241C-B8FB-4EDC-A247-199A306A77D0}.Release|x86.Build.0 = Release|Any CPU
		{AF705FAC-B638-4F81-9621-E2ACC808FFA0}.Debug|Any CPU.ActiveCfg = Debug|Any CPU
		{AF705FAC-B638-4F81-9621-E2ACC808FFA0}.Debug|Any CPU.Build.0 = Debug|Any CPU
		{AF705FAC-B638-4F81-9621-E2ACC808FFA0}.Debug|ARM.ActiveCfg = Debug|Any CPU
		{AF705FAC-B638-4F81-9621-E2ACC808FFA0}.Debug|ARM.Build.0 = Debug|Any CPU
		{AF705FAC-B638-4F81-9621-E2ACC808FFA0}.Debug|ARM64.ActiveCfg = Debug|Any CPU
		{AF705FAC-B638-4F81-9621-E2ACC808FFA0}.Debug|ARM64.Build.0 = Debug|Any CPU
		{AF705FAC-B638-4F81-9621-E2ACC808FFA0}.Debug|x64.ActiveCfg = Debug|Any CPU
		{AF705FAC-B638-4F81-9621-E2ACC808FFA0}.Debug|x64.Build.0 = Debug|Any CPU
		{AF705FAC-B638-4F81-9621-E2ACC808FFA0}.Debug|x86.ActiveCfg = Debug|Any CPU
		{AF705FAC-B638-4F81-9621-E2ACC808FFA0}.Debug|x86.Build.0 = Debug|Any CPU
		{AF705FAC-B638-4F81-9621-E2ACC808FFA0}.Release|Any CPU.ActiveCfg = Release|Any CPU
		{AF705FAC-B638-4F81-9621-E2ACC808FFA0}.Release|Any CPU.Build.0 = Release|Any CPU
		{AF705FAC-B638-4F81-9621-E2ACC808FFA0}.Release|ARM.ActiveCfg = Release|Any CPU
		{AF705FAC-B638-4F81-9621-E2ACC808FFA0}.Release|ARM.Build.0 = Release|Any CPU
		{AF705FAC-B638-4F81-9621-E2ACC808FFA0}.Release|ARM64.ActiveCfg = Release|Any CPU
		{AF705FAC-B638-4F81-9621-E2ACC808FFA0}.Release|ARM64.Build.0 = Release|Any CPU
		{AF705FAC-B638-4F81-9621-E2ACC808FFA0}.Release|x64.ActiveCfg = Release|Any CPU
		{AF705FAC-B638-4F81-9621-E2ACC808FFA0}.Release|x64.Build.0 = Release|Any CPU
		{AF705FAC-B638-4F81-9621-E2ACC808FFA0}.Release|x86.ActiveCfg = Release|Any CPU
		{AF705FAC-B638-4F81-9621-E2ACC808FFA0}.Release|x86.Build.0 = Release|Any CPU
		{EFEC5397-7102-4F9F-A590-7FBB87B750FB}.Debug|Any CPU.ActiveCfg = Debug|Any CPU
		{EFEC5397-7102-4F9F-A590-7FBB87B750FB}.Debug|Any CPU.Build.0 = Debug|Any CPU
		{EFEC5397-7102-4F9F-A590-7FBB87B750FB}.Debug|Any CPU.Deploy.0 = Debug|Any CPU
		{EFEC5397-7102-4F9F-A590-7FBB87B750FB}.Debug|ARM.ActiveCfg = Debug|Any CPU
		{EFEC5397-7102-4F9F-A590-7FBB87B750FB}.Debug|ARM.Build.0 = Debug|Any CPU
		{EFEC5397-7102-4F9F-A590-7FBB87B750FB}.Debug|ARM.Deploy.0 = Debug|Any CPU
		{EFEC5397-7102-4F9F-A590-7FBB87B750FB}.Debug|ARM64.ActiveCfg = Debug|Any CPU
		{EFEC5397-7102-4F9F-A590-7FBB87B750FB}.Debug|ARM64.Build.0 = Debug|Any CPU
		{EFEC5397-7102-4F9F-A590-7FBB87B750FB}.Debug|ARM64.Deploy.0 = Debug|Any CPU
		{EFEC5397-7102-4F9F-A590-7FBB87B750FB}.Debug|x64.ActiveCfg = Debug|Any CPU
		{EFEC5397-7102-4F9F-A590-7FBB87B750FB}.Debug|x64.Build.0 = Debug|Any CPU
		{EFEC5397-7102-4F9F-A590-7FBB87B750FB}.Debug|x64.Deploy.0 = Debug|Any CPU
		{EFEC5397-7102-4F9F-A590-7FBB87B750FB}.Debug|x86.ActiveCfg = Debug|Any CPU
		{EFEC5397-7102-4F9F-A590-7FBB87B750FB}.Debug|x86.Build.0 = Debug|Any CPU
		{EFEC5397-7102-4F9F-A590-7FBB87B750FB}.Debug|x86.Deploy.0 = Debug|Any CPU
		{EFEC5397-7102-4F9F-A590-7FBB87B750FB}.Release|Any CPU.ActiveCfg = Release|Any CPU
		{EFEC5397-7102-4F9F-A590-7FBB87B750FB}.Release|Any CPU.Build.0 = Release|Any CPU
		{EFEC5397-7102-4F9F-A590-7FBB87B750FB}.Release|Any CPU.Deploy.0 = Release|Any CPU
		{EFEC5397-7102-4F9F-A590-7FBB87B750FB}.Release|ARM.ActiveCfg = Release|Any CPU
		{EFEC5397-7102-4F9F-A590-7FBB87B750FB}.Release|ARM.Build.0 = Release|Any CPU
		{EFEC5397-7102-4F9F-A590-7FBB87B750FB}.Release|ARM.Deploy.0 = Release|Any CPU
		{EFEC5397-7102-4F9F-A590-7FBB87B750FB}.Release|ARM64.ActiveCfg = Release|Any CPU
		{EFEC5397-7102-4F9F-A590-7FBB87B750FB}.Release|ARM64.Build.0 = Release|Any CPU
		{EFEC5397-7102-4F9F-A590-7FBB87B750FB}.Release|ARM64.Deploy.0 = Release|Any CPU
		{EFEC5397-7102-4F9F-A590-7FBB87B750FB}.Release|x64.ActiveCfg = Release|Any CPU
		{EFEC5397-7102-4F9F-A590-7FBB87B750FB}.Release|x64.Build.0 = Release|Any CPU
		{EFEC5397-7102-4F9F-A590-7FBB87B750FB}.Release|x64.Deploy.0 = Release|Any CPU
		{EFEC5397-7102-4F9F-A590-7FBB87B750FB}.Release|x86.ActiveCfg = Release|Any CPU
		{EFEC5397-7102-4F9F-A590-7FBB87B750FB}.Release|x86.Build.0 = Release|Any CPU
		{EFEC5397-7102-4F9F-A590-7FBB87B750FB}.Release|x86.Deploy.0 = Release|Any CPU
		{E5967F2F-6489-4A25-A1B7-E9D25FE85B8D}.Debug|Any CPU.ActiveCfg = Debug|Any CPU
		{E5967F2F-6489-4A25-A1B7-E9D25FE85B8D}.Debug|Any CPU.Build.0 = Debug|Any CPU
		{E5967F2F-6489-4A25-A1B7-E9D25FE85B8D}.Debug|Any CPU.Deploy.0 = Debug|Any CPU
		{E5967F2F-6489-4A25-A1B7-E9D25FE85B8D}.Debug|ARM.ActiveCfg = Debug|Any CPU
		{E5967F2F-6489-4A25-A1B7-E9D25FE85B8D}.Debug|ARM.Build.0 = Debug|Any CPU
		{E5967F2F-6489-4A25-A1B7-E9D25FE85B8D}.Debug|ARM.Deploy.0 = Debug|Any CPU
		{E5967F2F-6489-4A25-A1B7-E9D25FE85B8D}.Debug|ARM64.ActiveCfg = Debug|Any CPU
		{E5967F2F-6489-4A25-A1B7-E9D25FE85B8D}.Debug|ARM64.Build.0 = Debug|Any CPU
		{E5967F2F-6489-4A25-A1B7-E9D25FE85B8D}.Debug|ARM64.Deploy.0 = Debug|Any CPU
		{E5967F2F-6489-4A25-A1B7-E9D25FE85B8D}.Debug|x64.ActiveCfg = Debug|Any CPU
		{E5967F2F-6489-4A25-A1B7-E9D25FE85B8D}.Debug|x64.Build.0 = Debug|Any CPU
		{E5967F2F-6489-4A25-A1B7-E9D25FE85B8D}.Debug|x64.Deploy.0 = Debug|Any CPU
		{E5967F2F-6489-4A25-A1B7-E9D25FE85B8D}.Debug|x86.ActiveCfg = Debug|Any CPU
		{E5967F2F-6489-4A25-A1B7-E9D25FE85B8D}.Debug|x86.Build.0 = Debug|Any CPU
		{E5967F2F-6489-4A25-A1B7-E9D25FE85B8D}.Debug|x86.Deploy.0 = Debug|Any CPU
		{E5967F2F-6489-4A25-A1B7-E9D25FE85B8D}.Release|Any CPU.ActiveCfg = Release|Any CPU
		{E5967F2F-6489-4A25-A1B7-E9D25FE85B8D}.Release|Any CPU.Build.0 = Release|Any CPU
		{E5967F2F-6489-4A25-A1B7-E9D25FE85B8D}.Release|Any CPU.Deploy.0 = Release|Any CPU
		{E5967F2F-6489-4A25-A1B7-E9D25FE85B8D}.Release|ARM.ActiveCfg = Release|Any CPU
		{E5967F2F-6489-4A25-A1B7-E9D25FE85B8D}.Release|ARM.Build.0 = Release|Any CPU
		{E5967F2F-6489-4A25-A1B7-E9D25FE85B8D}.Release|ARM.Deploy.0 = Release|Any CPU
		{E5967F2F-6489-4A25-A1B7-E9D25FE85B8D}.Release|ARM64.ActiveCfg = Release|Any CPU
		{E5967F2F-6489-4A25-A1B7-E9D25FE85B8D}.Release|ARM64.Build.0 = Release|Any CPU
		{E5967F2F-6489-4A25-A1B7-E9D25FE85B8D}.Release|ARM64.Deploy.0 = Release|Any CPU
		{E5967F2F-6489-4A25-A1B7-E9D25FE85B8D}.Release|x64.ActiveCfg = Release|Any CPU
		{E5967F2F-6489-4A25-A1B7-E9D25FE85B8D}.Release|x64.Build.0 = Release|Any CPU
		{E5967F2F-6489-4A25-A1B7-E9D25FE85B8D}.Release|x64.Deploy.0 = Release|Any CPU
		{E5967F2F-6489-4A25-A1B7-E9D25FE85B8D}.Release|x86.ActiveCfg = Release|Any CPU
		{E5967F2F-6489-4A25-A1B7-E9D25FE85B8D}.Release|x86.Build.0 = Release|Any CPU
		{E5967F2F-6489-4A25-A1B7-E9D25FE85B8D}.Release|x86.Deploy.0 = Release|Any CPU
	EndGlobalSection
	GlobalSection(SolutionProperties) = preSolution
		HideSolutionNode = FALSE
	EndGlobalSection
	GlobalSection(NestedProjects) = preSolution
		{1654B92F-F63E-4F89-82CD-145997667EDF} = {2439858F-F7EE-4FE7-A146-14C98111D0B4}
		{F31A7143-FACF-4612-9178-B640EA4D0D37} = {0400A3D3-E6C2-4D2C-9D23-1CDA27A41A24}
		{53914191-5B94-41CC-8CE4-37C9B2E0A877} = {B3EAE8F1-8ECF-4FC9-9941-28F65A2E7F3E}
		{CCEB6931-2B59-49D5-8916-BE184CEB0BA1} = {B3EAE8F1-8ECF-4FC9-9941-28F65A2E7F3E}
		{986CE90B-9F4F-4DEF-8C2C-9BFD8F6A1855} = {B3EAE8F1-8ECF-4FC9-9941-28F65A2E7F3E}
		{BF1D9516-444A-4B12-83C2-F41F8D8F0344} = {BD1C4F74-C48B-4302-90C3-0B7243C0DD20}
		{28C9E8D4-8288-4A32-8B5C-8892B9C6958C} = {B3EAE8F1-8ECF-4FC9-9941-28F65A2E7F3E}
		{F073C67C-FFF4-4A05-A5CB-997ACFDC00D2} = {B06C66A0-47AA-4894-A794-8FAE74DB271F}
		{57B48D70-685C-4C76-984C-F88527441D7C} = {99D6CA1E-DA39-47A1-8856-5E425DCC3ED9}
		{93CA0868-8D4E-470F-ACEA-253BDAE2EDB7} = {99D6CA1E-DA39-47A1-8856-5E425DCC3ED9}
		{D6C362F7-9679-4482-9260-DAEA9F91D51C} = {DC9319F3-8348-498C-9A5B-77399106DB10}
		{18FA0808-ABCC-481B-A596-F9304363675A} = {AD60711B-C6DD-442E-B434-2C44B6A717B1}
		{0F4C6018-BE2F-4041-8816-F2E4E95CCDBC} = {DC9319F3-8348-498C-9A5B-77399106DB10}
		{EACB2DB6-65D0-49C6-8634-DC72140BE82F} = {B3EAE8F1-8ECF-4FC9-9941-28F65A2E7F3E}
		{DC9319F3-8348-498C-9A5B-77399106DB10} = {B3EAE8F1-8ECF-4FC9-9941-28F65A2E7F3E}
		{BD1C4F74-C48B-4302-90C3-0B7243C0DD20} = {B3EAE8F1-8ECF-4FC9-9941-28F65A2E7F3E}
		{2701D6B3-7E6A-43B6-B285-4BB434DA48CC} = {DC9319F3-8348-498C-9A5B-77399106DB10}
		{1300A1A6-F165-4894-A11D-D8B1E27F6516} = {5796A333-9E01-484E-88BA-FE2291CA8932}
		{5796A333-9E01-484E-88BA-FE2291CA8932} = {B3EAE8F1-8ECF-4FC9-9941-28F65A2E7F3E}
		{235F3F4A-F075-477D-9923-FE2360FB7EEA} = {B3EAE8F1-8ECF-4FC9-9941-28F65A2E7F3E}
		{D666EB32-78AA-4F7B-9CE0-D430C34E3118} = {DC9319F3-8348-498C-9A5B-77399106DB10}
		{BC0CE9CB-1490-4AC6-B2C5-100EE5025AD6} = {B06C66A0-47AA-4894-A794-8FAE74DB271F}
		{52DF241C-B8FB-4EDC-A247-199A306A77D0} = {BD1C4F74-C48B-4302-90C3-0B7243C0DD20}
		{AF705FAC-B638-4F81-9621-E2ACC808FFA0} = {0400A3D3-E6C2-4D2C-9D23-1CDA27A41A24}
		{0400A3D3-E6C2-4D2C-9D23-1CDA27A41A24} = {BD1C4F74-C48B-4302-90C3-0B7243C0DD20}
		{99D6CA1E-DA39-47A1-8856-5E425DCC3ED9} = {DC9319F3-8348-498C-9A5B-77399106DB10}
		{EFEC5397-7102-4F9F-A590-7FBB87B750FB} = {99D6CA1E-DA39-47A1-8856-5E425DCC3ED9}
		{E5967F2F-6489-4A25-A1B7-E9D25FE85B8D} = {99D6CA1E-DA39-47A1-8856-5E425DCC3ED9}
	EndGlobalSection
	GlobalSection(ExtensibilityGlobals) = postSolution
		SolutionGuid = {19BAEB35-FD38-4E41-9963-46313AF87C41}
	EndGlobalSection
EndGlobal
