<Solution>
  <Configurations>
    <Platform Name="Any CPU" />
    <Platform Name="ARM" />
    <Platform Name="ARM64" />
    <Platform Name="x64" />
    <Platform Name="x86" />
  </Configurations>
  <Folder Name="/pub/">
    <File Path="CHANGELOG.md" />
    <File Path="pub/Invoke-VersionBump.ps1" />
    <File Path="pub/PubVersion.json" />
    <File Path="pub/RELEASE-STRATEGY.md" />
    <File Path="README.md" />
  </Folder>
  <Folder Name="/pub/Client/">
    <File Path="pub/Client/Publish.ps1" />
    <File Path="pub/Client/PublishByGithub.ps1" />
  </Folder>
  <Folder Name="/pub/Connect/">
    <File Path="pub/Connect/Publish.ps1" />
    <File Path="pub/Connect/PublishByGithub.ps1" />
  </Folder>
  <Folder Name="/pub/lib/">
    <File Path="pub/lib/AppPublishConfig.ps1" />
    <File Path="pub/lib/Common.ps1" />
    <File Path="pub/lib/Initialize-CiAndroidSigning.ps1" />
    <File Path="pub/lib/Publish-AndroidApp.ps1" />
    <File Path="pub/lib/Publish-NugetPackages.ps1" />
    <File Path="pub/lib/Publish-GithubRelease.ps1" />
    <File Path="pub/lib/Publish-WinApp.ps1" />
    <File Path="pub/lib/Resolve-PublishRepo.ps1" />
    <File Path="pub/lib/Update-VersionFile.ps1" />
  </Folder>
  <Folder Name="/pub/lib/utils/">
    <File Path="pub/lib/utils/ChangelogUtils.ps1" />
  </Folder>
  <Folder Name="/pub/lib/vh-installer/">
    <File Path="pub/lib/vh-installer/Publish-Installer.ps1" />
    <File Path="pub/lib/vh-installer/Publish-InstallerImpl.ps1" />
  </Folder>
  <Folder Name="/pub/lib/vh-installer/linux/">
    <File Path="pub/lib/vh-installer/linux/install-any.sh" />
    <File Path="pub/lib/vh-installer/linux/install.sh" />
    <File Path="pub/lib/vh-installer/linux/updater.sh" />
    <File Path="pub/lib/vh-installer/linux/vhlauncher.sh" />
  </Folder>
  <Folder Name="/pub/lib/vh-installer/win/">
    <File Path="pub/lib/vh-installer/win/install.ps1" />
    <File Path="pub/lib/vh-installer/win/updater.ps1" />
    <File Path="pub/lib/vh-installer/win/vhlauncher.ps1" />
  </Folder>
  <Folder Name="/pub/FastLane/">
    <File Path="fastlane/Appfile" />
    <File Path="fastlane/Fastfile" />
  </Folder>
  <Folder Name="/pub/Server/">
    <File Path="CHANGELOG.Server.md" />
    <File Path="pub/Server/Publish.ps1" />
    <File Path="pub/Server/PublishByGithub.ps1" />
  </Folder>
  <Folder Name="/samples/">
    <File Path="samples/samples.txt" />
  </Folder>
  <Folder Name="/Solution Items/">
    <File Path=".editorconfig" />
    <File Path=".github/copilot-instructions.md" />
    <File Path="README.md" />
    <File Path="VpnHood.sln.DotSettings" />
  </Folder>
  <Folder Name="/src/" />
  <Folder Name="/src/AppLib/">
    <Project Path="src/AppLib/VpnHood.AppLib.Abstractions/VpnHood.AppLib.Abstractions.csproj" />
    <Project Path="src/AppLib/VpnHood.AppLib.Portal/VpnHood.AppLib.Portal.csproj" />
  </Folder>
  <Folder Name="/src/AppLib/Ads/">
    <Project Path="src/AppLib/VpnHood.AppLib.Ads.AdMob.Android/VpnHood.AppLib.Ads.AdMob.Android.csproj" />
  </Folder>
  <Folder Name="/src/AppLib/Api/">
    <Project Path="src/AppLib/VpnHood.AppLib.Api.HttpClients/VpnHood.AppLib.Api.HttpClients.csproj" />
    <Project Path="src/AppLib/VpnHood.AppLib.Api.WebHost/VpnHood.AppLib.Api.WebHost.csproj" />
    <Project Path="src/AppLib/VpnHood.AppLib.Api/VpnHood.AppLib.Api.csproj" />
  </Folder>
  <Folder Name="/src/AppLib/App/">
    <Project Path="src/AppLib/VpnHood.AppLib.App.Android/VpnHood.AppLib.App.Android.csproj" />
    <Project Path="src/AppLib/VpnHood.AppLib.App.Ios/VpnHood.AppLib.App.Ios.csproj">
      <Build Solution="Debug|*" Project="false" />
    </Project>
    <Project Path="src/AppLib/VpnHood.AppLib.App.Linux/VpnHood.AppLib.App.Linux.csproj" />
    <Project Path="src/AppLib/VpnHood.AppLib.App.Windows/VpnHood.AppLib.App.Windows.csproj" />
    <Project Path="src/AppLib/VpnHood.AppLib.App/VpnHood.AppLib.App.csproj" />
  </Folder>
  <Folder Name="/src/AppLib/Stores/">
    <Project Path="src/AppLib/VpnHood.AppLib.Stores.AppStore.Core/VpnHood.AppLib.Stores.AppStore.Core.csproj">
      <Build Solution="Debug|*" Project="false" />
    </Project>
    <Project Path="src/AppLib/VpnHood.AppLib.Stores.AppStore/VpnHood.AppLib.Stores.AppStore.csproj">
      <Build Solution="Debug|*" Project="false" />
    </Project>
    <Project Path="src/AppLib/VpnHood.AppLib.Stores.GooglePlay.Core/VpnHood.AppLib.Stores.GooglePlay.Core.csproj" />
    <Project Path="src/AppLib/VpnHood.AppLib.Stores.GooglePlay/VpnHood.AppLib.Stores.GooglePlay.csproj" />
  </Folder>
  <Folder Name="/src/AppUi/Assets/">
    <Project Path="src/AppUi/VpnHood.AppUi.Assets.Classic/VpnHood.AppUi.Assets.Classic.csproj" />
  </Folder>
  <Folder Name="/src/AppUi/">
    <Project Path="src/AppUi/VpnHood.AppUi.Common/VpnHood.AppUi.Common.csproj" />
  </Folder>
  <Folder Name="/src/AppUi/Presentation/">
    <Project Path="src/AppUi/VpnHood.AppUi.Presentation.Classic.Avalonia/VpnHood.AppUi.Presentation.Classic.Avalonia.csproj" />
    <Project Path="src/AppUi/VpnHood.AppUi.Presentation.Classic.Avalonia.Browser/VpnHood.AppUi.Presentation.Classic.Avalonia.Browser.csproj" />
  </Folder>
  <Folder Name="/src/AppUi/Hosting/">
    <Project Path="src/AppUi/VpnHood.AppUi.Hosting.Avalonia/VpnHood.AppUi.Hosting.Avalonia.csproj" />
    <Project Path="src/AppUi/VpnHood.AppUi.Hosting.Avalonia.Android/VpnHood.AppUi.Hosting.Avalonia.Android.csproj" />
    <Project Path="src/AppUi/VpnHood.AppUi.Hosting.Avalonia.Browser/VpnHood.AppUi.Hosting.Avalonia.Browser.csproj" />
    <Project Path="src/AppUi/VpnHood.AppUi.Hosting.Avalonia.Desktop/VpnHood.AppUi.Hosting.Avalonia.Desktop.csproj" />
    <Project Path="src/AppUi/VpnHood.AppUi.Hosting.Cli/VpnHood.AppUi.Hosting.Cli.csproj" />
    <Project Path="src/AppUi/VpnHood.AppUi.Hosting.Cli.Linux/VpnHood.AppUi.Hosting.Cli.Linux.csproj" />
    <Project Path="src/AppUi/VpnHood.AppUi.Hosting.WebView/VpnHood.AppUi.Hosting.WebView.csproj" />
    <Project Path="src/AppUi/VpnHood.AppUi.Hosting.WebView.Android/VpnHood.AppUi.Hosting.WebView.Android.csproj" />
    <Project Path="src/AppUi/VpnHood.AppUi.Hosting.WebView.Windows/VpnHood.AppUi.Hosting.WebView.Windows.csproj" />
    <Project Path="src/AppUi/VpnHood.AppUi.Hosting.WebView.Maui/VpnHood.AppUi.Hosting.WebView.Maui.csproj" />
    <Project Path="src/AppUi/VpnHood.AppUi.Hosting.WebView.Ios/VpnHood.AppUi.Hosting.WebView.Ios.csproj">
      <Build Solution="Debug|*" Project="false" />
    </Project>
  </Folder>
  <Folder Name="/src/Apps/" />
  <Folder Name="/src/Apps/Client/">
    <Project Path="src/Apps/Client/Client/VpnHood.App.Client.csproj" />
    <Project Path="src/Apps/Client/Client.Android.Google/VpnHood.App.Client.Android.Google.csproj">
      <Deploy />
    </Project>
    <Project Path="src/Apps/Client/Client.Android.Web/VpnHood.App.Client.Android.Web.csproj">
      <Deploy />
    </Project>
    <Project Path="src/Apps/Client/Client.Ios.Apple/VpnHood.App.Client.Ios.Apple.csproj">
      <Build Solution="Debug|*" Project="false" />
      <Deploy />
    </Project>
    <Project Path="src/Apps/Client/Client.Ios.Extension/VpnHood.App.Client.Ios.Extension.csproj">
      <Build Solution="Debug|*" Project="false" />
    </Project>
    <Project Path="src/Apps/Client/Client.Linux.Web/VpnHood.App.Client.Linux.Web.csproj" />
    <Project Path="src/Apps/Client/Client.Windows.Web/VpnHood.App.Client.Windows.Web.csproj" />
  </Folder>
  <Folder Name="/src/Apps/Connect/">
    <Project Path="src/Apps/Connect/Connect/VpnHood.App.Connect.csproj" />
    <Project Path="src/Apps/Connect/Connect.Android.Google/VpnHood.App.Connect.Android.Google.csproj">
      <Deploy />
    </Project>
    <Project Path="src/Apps/Connect/Connect.Android.Web/VpnHood.App.Connect.Android.Web.csproj">
      <Deploy />
    </Project>
    <Project Path="src/Apps/Connect/Connect.Ios.Apple/VpnHood.App.Connect.Ios.Apple.csproj">
      <Build Solution="Debug|*" Project="false" />
      <Deploy />
    </Project>
    <Project Path="src/Apps/Connect/Connect.Ios.Extension/VpnHood.App.Connect.Ios.Extension.csproj">
      <Build Solution="Debug|*" Project="false" />
    </Project>
    <Project Path="src/Apps/Connect/Connect.Linux.Web/VpnHood.App.Connect.Linux.Web.csproj" />
    <Project Path="src/Apps/Connect/Connect.Windows.Web/VpnHood.App.Connect.Windows.Web.csproj" />
  </Folder>
  <Folder Name="/src/Apps/Server/">
    <Project Path="src/Apps/Server/VpnHood.App.Server.Net.csproj" />
  </Folder>
  <Folder Name="/src/Apps/Tools/">
    <Project Path="src/Apps/Tools/AvaloniaUI.Dev/VpnHood.App.AvaloniaUI.Dev.csproj" />
    <Project Path="src/Apps/Tools/StoreScreenshots/VpnHood.App.StoreScreenshots.csproj" />
  </Folder>
  <Folder Name="/src/Core/">
    <Project Path="src/Core/VpnHood.Core.Common/VpnHood.Core.Common.csproj" />
    <Project Path="src/Core/VpnHood.Core.Tunneling/VpnHood.Core.Tunneling.csproj" />
  </Folder>
  <Folder Name="/src/Core/Client/">
    <Project Path="src/Core/VpnHood.Core.Client.Abstractions/VpnHood.Core.Client.Abstractions.csproj" />
    <Project Path="src/Core/VpnHood.Core.Client/VpnHood.Core.Client.csproj" />
  </Folder>
  <Folder Name="/src/Core/Client/Devices/">
    <Project Path="src/Core/VpnHood.Core.Client.Devices.Abstractions/VpnHood.Core.Client.Devices.Abstractions.csproj" />
    <Project Path="src/Core/VpnHood.Core.Client.Devices.Android/VpnHood.Core.Client.Devices.Android.csproj" />
    <Project Path="src/Core/VpnHood.Core.Client.Devices.Ios/VpnHood.Core.Client.Devices.Ios.csproj">
      <Build Solution="Debug|*" Project="false" />
    </Project>
    <Project Path="src/Core/VpnHood.Core.Client.Devices.Linux/VpnHood.Core.Client.Devices.Linux.csproj" />
    <Project Path="src/Core/VpnHood.Core.Client.Devices.Windows/VpnHood.Core.Client.Devices.Windows.csproj" />
  </Folder>
  <Folder Name="/src/Core/Client/VpnServices/">
    <Project Path="src/Core/VpnHood.Core.Client.VpnServices.Abstractions/VpnHood.Core.Client.VpnServices.Abstractions.csproj" />
    <Project Path="src/Core/VpnHood.Core.Client.VpnServices.Host/VpnHood.Core.Client.VpnServices.Host.csproj" />
    <Project Path="src/Core/VpnHood.Core.Client.VpnServices.Manager/VpnHood.Core.Client.VpnServices.Manager.csproj" />
  </Folder>
  <Folder Name="/src/Core/Filtering/">
    <Project Path="src/Core/VpnHood.Core.Filtering.Abstractions/VpnHood.Core.Filtering.Abstractions.csproj" />
    <Project Path="src/Core/VpnHood.Core.Filtering.DomainFiltering/VpnHood.Core.Filtering.DomainFiltering.csproj" />
    <Project Path="src/Core/VpnHood.Core.Filtering.Sqlite/VpnHood.Core.Filtering.Sqlite.csproj" />
  </Folder>
  <Folder Name="/src/Core/Proxies/">
    <Project Path="src/Core/VpnHood.Core.Proxies.Management.Abstractions/VpnHood.Core.Proxies.Management.Abstractions.csproj" />
    <Project Path="src/Core/VpnHood.Core.Proxies.Management.Sqlite/VpnHood.Core.Proxies.Management.Sqlite.csproj" />
    <Project Path="src/Core/VpnHood.Core.Proxies.Management/VpnHood.Core.Proxies.Management.csproj" />
  </Folder>
  <Folder Name="/src/Core/Server/">
    <Project Path="src/Core/VpnHood.Core.Server.Access.Managers.FileAccessManagers/VpnHood.Core.Server.Access.Managers.FileAccessManagers.csproj" />
    <Project Path="src/Core/VpnHood.Core.Server.Access/VpnHood.Core.Server.Access.csproj" />
    <Project Path="src/Core/VpnHood.Core.Server/VpnHood.Core.Server.csproj" />
  </Folder>
  <Folder Name="/src/Net/">
    <Project Path="src/Net/VpnHood.Net.PacketTransports/VpnHood.Net.PacketTransports.csproj" />
    <Project Path="src/Net/VpnHood.Net.Packets/VpnHood.Net.Packets.csproj" />
    <Project Path="src/Net/VpnHood.Net.Toolkit/VpnHood.Net.Toolkit.csproj" />
  </Folder>
  <Folder Name="/src/Net/IpLocations/">
    <Project Path="src/Net/VpnHood.Net.IpLocations.Providers.SqliteProvider/VpnHood.Net.IpLocations.Providers.SqliteProvider.csproj" />
    <Project Path="src/Net/VpnHood.Net.IpLocations/VpnHood.Net.IpLocations.csproj" />
  </Folder>
  <Folder Name="/src/Net/Quic/">
    <Project Path="src/Net/VpnHood.Net.Quic.Abstractions/VpnHood.Net.Quic.Abstractions.csproj" />
    <Project Path="src/Net/VpnHood.Net.Quic.Android/VpnHood.Net.Quic.Android.csproj" />
    <Project Path="src/Net/VpnHood.Net.Quic.Ios/VpnHood.Net.Quic.Ios.csproj">
      <Build Solution="Debug|*" Project="false" />
    </Project>
    <Project Path="src/Net/VpnHood.Net.Quic.MsQuic/VpnHood.Net.Quic.MsQuic.csproj" />
  </Folder>
  <Folder Name="/src/Net/TcpStack/">
    <Project Path="src/Net/VpnHood.Net.TcpStack.Abstractions/VpnHood.Net.TcpStack.Abstractions.csproj" />
    <Project Path="src/Net/VpnHood.Net.TcpStack/VpnHood.Net.TcpStack.csproj" />
  </Folder>
  <Folder Name="/src/Net/VpnAdapters/">
    <Project Path="src/Net/VpnHood.Net.VpnAdapters.Abstractions/VpnHood.Net.VpnAdapters.Abstractions.csproj" />
    <Project Path="src/Net/VpnHood.Net.VpnAdapters.AndroidTun/VpnHood.Net.VpnAdapters.AndroidTun.csproj" />
    <Project Path="src/Net/VpnHood.Net.VpnAdapters.IosTun/VpnHood.Net.VpnAdapters.IosTun.csproj" />
    <Project Path="src/Net/VpnHood.Net.VpnAdapters.LinuxTun/VpnHood.Net.VpnAdapters.LinuxTun.csproj" />
    <Project Path="src/Net/VpnHood.Net.VpnAdapters.WinDivert/VpnHood.Net.VpnAdapters.WinDivert.csproj" />
    <Project Path="src/Net/VpnHood.Net.VpnAdapters.WinTun/VpnHood.Net.VpnAdapters.WinTun.csproj" />
  </Folder>
  <Folder Name="/tests/">
    <Project Path="tests/VpnHood.AppLib.Test/VpnHood.AppLib.Test.csproj" />
    <Project Path="tests/VpnHood.AppUi.SmokeTest/VpnHood.AppUi.SmokeTest.csproj" />
    <Project Path="tests/VpnHood.Net.TcpStack.Test/VpnHood.Net.TcpStack.Test.csproj" />
    <Project Path="tests/VpnHood.Test/VpnHood.Test.csproj" />
  </Folder>
</Solution>
