
Microsoft Visual Studio Solution File, Format Version 12.00
# Visual Studio Version 17
VisualStudioVersion = 17.0.32014.148
MinimumVisualStudioVersion = 10.0.40219.1
Project("{9A19103F-16F7-4668-BE54-9A1E7A4F7556}") = "VpnHood.AccessServer.Test", "VpnHood.AccessServer.Test\VpnHood.AccessServer.Test.csproj", "{81B08731-02D3-47C1-B3F0-B60B98EBA580}"
EndProject
Project("{9A19103F-16F7-4668-BE54-9A1E7A4F7556}") = "VpnHood.AccessServer", "VpnHood.AccessServer\VpnHood.AccessServer.csproj", "{831503A5-B1BB-4962-AAD4-E7A3007AA201}"
EndProject
Project("{9A19103F-16F7-4668-BE54-9A1E7A4F7556}") = "VpnHood.AccessServer.Agent", "VpnHood.AccessServer.Agent\VpnHood.AccessServer.Agent.csproj", "{AD8A6B70-857D-405F-9778-D5B963121E30}"
EndProject
Project("{9A19103F-16F7-4668-BE54-9A1E7A4F7556}") = "VpnHood.AccessServer.Api", "VpnHood.AccessServer.Api\VpnHood.AccessServer.Api.csproj", "{8F3EDFC9-1B62-48F3-B4CE-A7F0FCFDA4EA}"
EndProject
Project("{9A19103F-16F7-4668-BE54-9A1E7A4F7556}") = "VpnHood.AccessServer.Report", "VpnHood.AccessServer.Report\VpnHood.AccessServer.Report.csproj", "{B8AB43A5-BF17-4B31-B566-BF01CF6062F0}"
EndProject
Project("{2150E333-8FDC-42A3-9474-1A3956D46DE8}") = "Tests", "Tests", "{DA70AC51-F97F-47CF-B732-3C76D1A27C32}"
EndProject
Project("{9A19103F-16F7-4668-BE54-9A1E7A4F7556}") = "VpnHood.AccessServer.Persistence", "VpnHood.AccessServer.Persistence\VpnHood.AccessServer.Persistence.csproj", "{7B59925C-4740-4FE9-A8FC-8CD40E0AA4F2}"
EndProject
Project("{2150E333-8FDC-42A3-9474-1A3956D46DE8}") = "Solution Items", "Solution Items", "{6BD0DD0E-2032-47E0-BEF9-7C145F942CEF}"
	ProjectSection(SolutionItems) = preProject
		.editorconfig = .editorconfig
		.github\workflows\nuget-development.yml = .github\workflows\nuget-development.yml
		.github\workflows\nuget-production.yml = .github\workflows\nuget-production.yml
	EndProjectSection
EndProject
Project("{2150E333-8FDC-42A3-9474-1A3956D46DE8}") = "Pub", "Pub", "{4CE00B3B-7097-490C-B63E-ED6564E4DB39}"
	ProjectSection(SolutionItems) = preProject
		Pub\PublishService.ps1 = Pub\PublishService.ps1
		Pub\PubVersion.json = Pub\PubVersion.json
		Pub\VersionBump.ps1 = Pub\VersionBump.ps1
	EndProjectSection
EndProject
Global
	GlobalSection(SolutionConfigurationPlatforms) = preSolution
		Debug|Any CPU = Debug|Any CPU
		Release|Any CPU = Release|Any CPU
	EndGlobalSection
	GlobalSection(ProjectConfigurationPlatforms) = postSolution
		{81B08731-02D3-47C1-B3F0-B60B98EBA580}.Debug|Any CPU.ActiveCfg = Debug|Any CPU
		{81B08731-02D3-47C1-B3F0-B60B98EBA580}.Debug|Any CPU.Build.0 = Debug|Any CPU
		{81B08731-02D3-47C1-B3F0-B60B98EBA580}.Release|Any CPU.ActiveCfg = Release|Any CPU
		{81B08731-02D3-47C1-B3F0-B60B98EBA580}.Release|Any CPU.Build.0 = Release|Any CPU
		{831503A5-B1BB-4962-AAD4-E7A3007AA201}.Debug|Any CPU.ActiveCfg = Debug|Any CPU
		{831503A5-B1BB-4962-AAD4-E7A3007AA201}.Debug|Any CPU.Build.0 = Debug|Any CPU
		{831503A5-B1BB-4962-AAD4-E7A3007AA201}.Release|Any CPU.ActiveCfg = Release|Any CPU
		{831503A5-B1BB-4962-AAD4-E7A3007AA201}.Release|Any CPU.Build.0 = Release|Any CPU
		{AD8A6B70-857D-405F-9778-D5B963121E30}.Debug|Any CPU.ActiveCfg = Debug|Any CPU
		{AD8A6B70-857D-405F-9778-D5B963121E30}.Debug|Any CPU.Build.0 = Debug|Any CPU
		{AD8A6B70-857D-405F-9778-D5B963121E30}.Release|Any CPU.ActiveCfg = Release|Any CPU
		{AD8A6B70-857D-405F-9778-D5B963121E30}.Release|Any CPU.Build.0 = Release|Any CPU
		{8F3EDFC9-1B62-48F3-B4CE-A7F0FCFDA4EA}.Debug|Any CPU.ActiveCfg = Debug|Any CPU
		{8F3EDFC9-1B62-48F3-B4CE-A7F0FCFDA4EA}.Debug|Any CPU.Build.0 = Debug|Any CPU
		{8F3EDFC9-1B62-48F3-B4CE-A7F0FCFDA4EA}.Release|Any CPU.ActiveCfg = Release|Any CPU
		{8F3EDFC9-1B62-48F3-B4CE-A7F0FCFDA4EA}.Release|Any CPU.Build.0 = Release|Any CPU
		{B8AB43A5-BF17-4B31-B566-BF01CF6062F0}.Debug|Any CPU.ActiveCfg = Debug|Any CPU
		{B8AB43A5-BF17-4B31-B566-BF01CF6062F0}.Debug|Any CPU.Build.0 = Debug|Any CPU
		{B8AB43A5-BF17-4B31-B566-BF01CF6062F0}.Release|Any CPU.ActiveCfg = Release|Any CPU
		{B8AB43A5-BF17-4B31-B566-BF01CF6062F0}.Release|Any CPU.Build.0 = Release|Any CPU
		{7B59925C-4740-4FE9-A8FC-8CD40E0AA4F2}.Debug|Any CPU.ActiveCfg = Debug|Any CPU
		{7B59925C-4740-4FE9-A8FC-8CD40E0AA4F2}.Debug|Any CPU.Build.0 = Debug|Any CPU
		{7B59925C-4740-4FE9-A8FC-8CD40E0AA4F2}.Release|Any CPU.ActiveCfg = Release|Any CPU
		{7B59925C-4740-4FE9-A8FC-8CD40E0AA4F2}.Release|Any CPU.Build.0 = Release|Any CPU
	EndGlobalSection
	GlobalSection(SolutionProperties) = preSolution
		HideSolutionNode = FALSE
	EndGlobalSection
	GlobalSection(NestedProjects) = preSolution
		{81B08731-02D3-47C1-B3F0-B60B98EBA580} = {DA70AC51-F97F-47CF-B732-3C76D1A27C32}
	EndGlobalSection
	GlobalSection(ExtensibilityGlobals) = postSolution
		SolutionGuid = {99282B07-6E52-4418-9326-3F0E566C74EE}
	EndGlobalSection
EndGlobal
